PODS:
  - AWSAPIGateway (2.9.4):
    - AWSCore (= 2.9.4)
  - AWSAppSync (2.10.3):
    - AWSCore (~> 2.9.0)
    - ReachabilitySwift (~> 4.3.0)
    - SQLite.swift (= 0.11.5)
  - AWSAuthCore (2.9.4):
    - AWSCore (= 2.9.4)
  - AWSCognitoIdentityProvider (2.9.4):
    - AWSCognitoIdentityProviderASF (= 1.0.1)
    - AWSCore (= 2.9.4)
  - AWSCognitoIdentityProviderASF (1.0.1)
  - AWSCore (2.9.4)
  - AWSMobileClient (2.9.4):
    - AWSAuthCore (= 2.9.4)
    - AWSCognitoIdentityProvider (= 2.9.4)
  - AWSPinpoint (2.9.4):
    - AWSCore (= 2.9.4)
  - AWSS3 (2.9.4):
    - AWSCore (= 2.9.4)
  - CardIO (5.4.1)
  - DZNEmptyDataSet (1.8.1)
  - Eureka (5.0.0)
  - GoogleMaps (3.0.3):
    - GoogleMaps/Maps (= 3.0.3)
  - GoogleMaps/Base (3.0.3)
  - GoogleMaps/Maps (3.0.3):
    - GoogleMaps/Base
  - GooglePlaces (3.0.3):
    - GoogleMaps/Base (= 3.0.3)
  - ImageSlideshow (1.7.0):
    - ImageSlideshow/Core (= 1.7.0)
  - ImageSlideshow/Core (1.7.0)
  - IQKeyboardManagerSwift (6.2.1)
  - JWTDecode (2.2.0)
  - KYNavigationProgress (2.0.2)
  - Macaw (0.9.1):
    - SWXMLHash
  - MarqueeLabel/Swift (3.2.1)
  - NotificationBannerSwift (2.0.1):
    - MarqueeLabel/Swift (~> 3.2.0)
    - SnapKit (~> 4.2.0)
  - NVActivityIndicatorView (4.7.0):
    - NVActivityIndicatorView/Presenter (= 4.7.0)
  - NVActivityIndicatorView/Presenter (4.7.0)
  - PinpointKit (1.3.0):
    - PinpointKit/Core (= 1.3.0)
  - PinpointKit/Core (1.3.0)
  - Pulley (2.7.0)
  - ReachabilitySwift (4.3.1)
  - SideMenu (5.0.3)
  - SkeletonView (1.4.2)
  - SnapKit (4.2.0)
  - SQLite.swift (0.11.5):
    - SQLite.swift/standard (= 0.11.5)
  - SQLite.swift/standard (0.11.5)
  - Stripe (15.0.0)
  - SwiftyJSON (4.3.0)
  - SWXMLHash (4.9.0)
  - TLPhotoPicker (1.8.5)

DEPENDENCIES:
  - AWSAPIGateway
  - AWSAppSync
  - AWSCore
  - AWSMobileClient
  - AWSPinpoint
  - AWSS3
  - CardIO
  - DZNEmptyDataSet
  - Eureka
  - GoogleMaps
  - GooglePlaces
  - ImageSlideshow (~> 1.6)
  - IQKeyboardManagerSwift
  - JWTDecode (~> 2.1)
  - KYNavigationProgress
  - Macaw (= 0.9.1)
  - NotificationBannerSwift
  - NVActivityIndicatorView
  - PinpointKit
  - Pulley
  - SideMenu
  - SkeletonView
  - Stripe
  - SwiftyJSON (~> 4.0)
  - TLPhotoPicker

SPEC REPOS:
  https://github.com/cocoapods/specs.git:
    - AWSAPIGateway
    - AWSAppSync
    - AWSAuthCore
    - AWSCognitoIdentityProvider
    - AWSCognitoIdentityProviderASF
    - AWSCore
    - AWSMobileClient
    - AWSPinpoint
    - AWSS3
    - CardIO
    - DZNEmptyDataSet
    - Eureka
    - GoogleMaps
    - GooglePlaces
    - ImageSlideshow
    - IQKeyboardManagerSwift
    - JWTDecode
    - KYNavigationProgress
    - Macaw
    - MarqueeLabel
    - NotificationBannerSwift
    - NVActivityIndicatorView
    - PinpointKit
    - Pulley
    - ReachabilitySwift
    - SideMenu
    - SkeletonView
    - SnapKit
    - SQLite.swift
    - Stripe
    - SwiftyJSON
    - SWXMLHash
    - TLPhotoPicker

SPEC CHECKSUMS:
  AWSAPIGateway: 34e3816415914376f6de268857f605a51ede0ddf
  AWSAppSync: cc5e6716f712cf9a9bdc176e471027516ac5087d
  AWSAuthCore: 5509db7bfba74bdbc45cdb778d12560ad407d06c
  AWSCognitoIdentityProvider: b90896ca0b8f3963a1b698f458ff441f21d26142
  AWSCognitoIdentityProviderASF: f94f1a502e72ef3d0a1de93e10bf7a79c8698118
  AWSCore: 8539eaa1d687d50b6b127db5cb600e4c6b37cd4e
  AWSMobileClient: 689440f96995ab33b9dabd2a72ecf3c8059259a9
  AWSPinpoint: e898d49503b9e80689e5d3e34e258f4fa5c55137
  AWSS3: fe1b6c1880dde60c33e6c1afcf23c3a805c99a49
  CardIO: 56983b39b62f495fc6dae9ad7cf875143df06443
  DZNEmptyDataSet: 9525833b9e68ac21c30253e1d3d7076cc828eaa7
  Eureka: 0f64f477ec8ef6201c6fec143d60ff5c201cf654
  GoogleMaps: fd5c9fa58871781b9fb94d4936f19c69fe60ce32
  GooglePlaces: f09e76993c9c3ee4af8f4f7f535bb94d6aa3b649
  ImageSlideshow: f8eec5e37a980f60923b585ff23b0e140fd24018
  IQKeyboardManagerSwift: 0f0ae8935360b4003e6ea1ac7c19898f01e2f7c7
  JWTDecode: 85a405ab16d5473e99bd89ded1d535090ebd6a0e
  KYNavigationProgress: a380f5016e898ea4577049cf7b41895ed2a8da5a
  Macaw: 8b13bb7ae2f527b3c7b2787988bbc5461a1c66e3
  MarqueeLabel: 2daf039bf916937c8a4c9adfc13577cc5e51b4ce
  NotificationBannerSwift: 007774aa590cc9680647b92b2f217bef5c00c32c
  NVActivityIndicatorView: b19ddab2576f805cbe0fb2306cba3476e09a1dea
  PinpointKit: 8ef42ed810a95aaced0462b532e0224a67afb72d
  Pulley: 028ddcc7d2dcbc078d71b61b7eee8e786d72c14a
  ReachabilitySwift: 4032e2f59586e11e3b0ebe15b167abdd587a388b
  SideMenu: 1dcaabce84538c53325c287f7fe62999379a641c
  SkeletonView: c2523c3c8c6510e273e49a3bf364a434744c3914
  SnapKit: fe8a619752f3f27075cc9a90244d75c6c3f27e2a
  SQLite.swift: 6e5356850bb1791459f8c16d6ee9195b28714a2e
  Stripe: 312b22a67af9fa55c246d26148b3f3a9636a0ff2
  SwiftyJSON: 6faa0040f8b59dead0ee07436cbf76b73c08fd08
  SWXMLHash: 87b0006848a548b7f9485b40bc71721b3ae39add
  TLPhotoPicker: 4274455aacc5b75b53aafa2de95bd1f53e7c79f8

PODFILE CHECKSUM: eb87ee27b2433f56d5a7126682e329c6e23e3364

COCOAPODS: 1.5.3
