PODS:
  - DZNEmptyDataSet (1.8.1)
  - GoogleMaps (2.7.0):
    - GoogleMaps/Maps (= 2.7.0)
  - GoogleMaps/Base (2.7.0)
  - GoogleMaps/Maps (2.7.0):
    - GoogleMaps/Base
  - GooglePlaces (2.7.0):
    - GoogleMaps/Base (= 2.7.0)
  - IQKeyboardManagerSwift (6.0.3)
  - KYNavigationProgress (2.0.2)
  - Macaw (0.9.1):
    - SWXMLHash
  - PinpointKit (1.2.0):
    - PinpointKit/Core (= 1.2.0)
  - PinpointKit/Core (1.2.0)
  - Pulley (2.4.2)
  - SideMenu (4.0.0)
  - SWXMLHash (4.7.0)
  - TLPhotoPicker (1.6.9)

DEPENDENCIES:
  - DZNEmptyDataSet
  - GoogleMaps
  - GooglePlaces
  - IQKeyboardManagerSwift
  - KYNavigationProgress
  - Macaw (= 0.9.1)
  - PinpointKit
  - Pulley
  - SideMenu
  - TLPhotoPicker

SPEC REPOS:
  https://github.com/CocoaPods/Specs.git:
    - DZNEmptyDataSet
    - GoogleMaps
    - GooglePlaces
    - IQKeyboardManagerSwift
    - KYNavigationProgress
    - Macaw
    - PinpointKit
    - Pulley
    - SideMenu
    - SWXMLHash
    - TLPhotoPicker

SPEC CHECKSUMS:
  DZNEmptyDataSet: 9525833b9e68ac21c30253e1d3d7076cc828eaa7
  GoogleMaps: f79af95cb24d869457b1f961c93d3ce8b2f3b848
  GooglePlaces: 3d06e6c99654545b4738ce49648745779c25f2ef
  IQKeyboardManagerSwift: 04e8679f85e496bb2c474eeb9284052f1b3c391c
  KYNavigationProgress: a380f5016e898ea4577049cf7b41895ed2a8da5a
  Macaw: 8b13bb7ae2f527b3c7b2787988bbc5461a1c66e3
  PinpointKit: d1196cba6acc77fb76af50155f816228f03eaa9c
  Pulley: d3d144a0323b65b8aa1dd601d515d08481103034
  SideMenu: 70ee5657df63ec3382660ec4ef470bf1cf5db07d
  SWXMLHash: f4522438189f72b41e39676d19469a8969d60dd1
  TLPhotoPicker: fb94a45db34c78a7137679d8ed406f8af6b45248

PODFILE CHECKSUM: eeb3b36b0aa5b84e03d08d24a5b723c99d011b81

COCOAPODS: 1.5.0
