// !$*UTF8*$!
{
	archiveVersion = 1;
	classes = {
	};
	objectVersion = 48;
	objects = {

/* Begin PBXBuildFile section */
		53E0616D9EF920DF33A0828D /* Pods_ServinV2UITests.framework in Frameworks */ = {isa = PBXBuildFile; fileRef = BA11F7138B0F05AD940B483D /* Pods_ServinV2UITests.framework */; };
		7DBBC905C791BD3BD31B505D /* Pods_ServinV2.framework in Frameworks */ = {isa = PBXBuildFile; fileRef = D566F623AEBCAFFBB31DDC90 /* Pods_ServinV2.framework */; };
		8B24113421B4CB1F00AA37E5 /* SERVINAPIMERGENCEClient.swift in Sources */ = {isa = PBXBuildFile; fileRef = 8B24113321B4CB1F00AA37E5 /* SERVINAPIMERGENCEClient.swift */; };
		8B3FEF7020CD01DB0056C22A /* SideMenuProfileTableViewCell.swift in Sources */ = {isa = PBXBuildFile; fileRef = 8B3FEF6E20CD01DB0056C22A /* SideMenuProfileTableViewCell.swift */; };
		8B3FEF7120CD01DB0056C22A /* SideMenuProfileTableViewCell.xib in Resources */ = {isa = PBXBuildFile; fileRef = 8B3FEF6F20CD01DB0056C22A /* SideMenuProfileTableViewCell.xib */; };
		8B3FEF7620CD18090056C22A /* SideMenuServinLogoTableViewCell.swift in Sources */ = {isa = PBXBuildFile; fileRef = 8B3FEF7420CD18090056C22A /* SideMenuServinLogoTableViewCell.swift */; };
		8B3FEF7720CD18090056C22A /* SideMenuServinLogoTableViewCell.xib in Resources */ = {isa = PBXBuildFile; fileRef = 8B3FEF7520CD18090056C22A /* SideMenuServinLogoTableViewCell.xib */; };
		8B43C47D2107C6EB004D9D0F /* CustomFloatingTextfield.swift in Sources */ = {isa = PBXBuildFile; fileRef = 8B43C47C2107C6EB004D9D0F /* CustomFloatingTextfield.swift */; };
		8B43D38D20D0C929002B0615 /* DiscoveryDetailsCollectionViewCell.swift in Sources */ = {isa = PBXBuildFile; fileRef = 8B43D38B20D0C929002B0615 /* DiscoveryDetailsCollectionViewCell.swift */; };
		8B43D39120D0DAB1002B0615 /* DiscoveryImagesCollectionViewCell.swift in Sources */ = {isa = PBXBuildFile; fileRef = 8B43D38F20D0DAB1002B0615 /* DiscoveryImagesCollectionViewCell.swift */; };
		8B43D39220D0DAB1002B0615 /* DiscoveryImagesCollectionViewCell.xib in Resources */ = {isa = PBXBuildFile; fileRef = 8B43D39020D0DAB1002B0615 /* DiscoveryImagesCollectionViewCell.xib */; };
		8B45C20020D7173C009FF0F9 /* DiscoveryFullScreenMapViewController.swift in Sources */ = {isa = PBXBuildFile; fileRef = 8B45C1FF20D7173C009FF0F9 /* DiscoveryFullScreenMapViewController.swift */; };
		8B45C20620D76AF9009FF0F9 /* AlamoFireSource.swift in Sources */ = {isa = PBXBuildFile; fileRef = 8B45C20520D76AF9009FF0F9 /* AlamoFireSource.swift */; };
		8B45C20820D890B9009FF0F9 /* MyDiscoveryViewController.swift in Sources */ = {isa = PBXBuildFile; fileRef = 8B45C20720D890B9009FF0F9 /* MyDiscoveryViewController.swift */; };
		8B48C0E220D9DFA10068C8EF /* PinsNearbyCollectionViewCell.xib in Resources */ = {isa = PBXBuildFile; fileRef = 8B48C0E020D9DFA00068C8EF /* PinsNearbyCollectionViewCell.xib */; };
		8B48C0E320D9DFA10068C8EF /* PinsNearbyCollectionViewCell.swift in Sources */ = {isa = PBXBuildFile; fileRef = 8B48C0E120D9DFA10068C8EF /* PinsNearbyCollectionViewCell.swift */; };
		8B48C0E820DA04CF0068C8EF /* MyPinTableViewCell.swift in Sources */ = {isa = PBXBuildFile; fileRef = 8B48C0E620DA04CF0068C8EF /* MyPinTableViewCell.swift */; };
		8B48C0E920DA04CF0068C8EF /* MyPinTableViewCell.xib in Resources */ = {isa = PBXBuildFile; fileRef = 8B48C0E720DA04CF0068C8EF /* MyPinTableViewCell.xib */; };
		8B4A26B5210FB8C100CE5FD6 /* ReviewViewController.swift in Sources */ = {isa = PBXBuildFile; fileRef = 8B4A26B4210FB8C100CE5FD6 /* ReviewViewController.swift */; };
		8B4D5724218A954D00A28CEA /* APIManager.swift in Sources */ = {isa = PBXBuildFile; fileRef = 8B4D5723218A954D00A28CEA /* APIManager.swift */; };
		8B4D962C218A4D260031E616 /* StripeConnectWebViewController.swift in Sources */ = {isa = PBXBuildFile; fileRef = 8B4D962B218A4D260031E616 /* StripeConnectWebViewController.swift */; };
		8B50DA2A20FD4912004C59EB /* SoftwareMFAViewController.swift in Sources */ = {isa = PBXBuildFile; fileRef = 8B50DA2820FD4912004C59EB /* SoftwareMFAViewController.swift */; };
		8B50DA2B20FD4912004C59EB /* SoftwareMFAViewController.xib in Resources */ = {isa = PBXBuildFile; fileRef = 8B50DA2920FD4912004C59EB /* SoftwareMFAViewController.xib */; };
		8B51798B20D9800900774BDE /* UserProfileViewController.swift in Sources */ = {isa = PBXBuildFile; fileRef = 8B51798A20D9800900774BDE /* UserProfileViewController.swift */; };
		8B51798D20D99C8900774BDE /* EditDiscoveryViewController.swift in Sources */ = {isa = PBXBuildFile; fileRef = 8B51798C20D99C8900774BDE /* EditDiscoveryViewController.swift */; };
		8B51FD2D210235F200E6563E /* SelectCategoriesViewController.swift in Sources */ = {isa = PBXBuildFile; fileRef = 8B51FD2C210235F200E6563E /* SelectCategoriesViewController.swift */; };
		8B52724720F81ED200425717 /* CognitoConfig.swift in Sources */ = {isa = PBXBuildFile; fileRef = 8B52724620F81ED200425717 /* CognitoConfig.swift */; };
		8B52724920F81F0300425717 /* CognitoConfig.plist in Resources */ = {isa = PBXBuildFile; fileRef = 8B52724820F81F0300425717 /* CognitoConfig.plist */; };
		8B53487B2134FF20009E4C3E /* KeyChainStore.swift in Sources */ = {isa = PBXBuildFile; fileRef = 8B53487A2134FF20009E4C3E /* KeyChainStore.swift */; };
		8B53487D21350D08009E4C3E /* BackendServer.swift in Sources */ = {isa = PBXBuildFile; fileRef = 8B53487C21350D08009E4C3E /* BackendServer.swift */; };
		8B53487F213779AC009E4C3E /* Reachability.swift in Sources */ = {isa = PBXBuildFile; fileRef = 8B53487E213779AC009E4C3E /* Reachability.swift */; };
		8B68E30C209B725200F7F365 /* SignUp1ViewController.swift in Sources */ = {isa = PBXBuildFile; fileRef = 8B68E30B209B725200F7F365 /* SignUp1ViewController.swift */; };
		8B68E30E209B726300F7F365 /* SignUp2ViewController.swift in Sources */ = {isa = PBXBuildFile; fileRef = 8B68E30D209B726300F7F365 /* SignUp2ViewController.swift */; };
		8B68E310209B726C00F7F365 /* SignUp3ViewController.swift in Sources */ = {isa = PBXBuildFile; fileRef = 8B68E30F209B726C00F7F365 /* SignUp3ViewController.swift */; };
		8B6B7DFF20ADB56400867F18 /* logo_servin.svg in Resources */ = {isa = PBXBuildFile; fileRef = 8B6B7DFE20ADB56400867F18 /* logo_servin.svg */; };
		8B6CF0C420CCAB370013F372 /* SegmentedControl.swift in Sources */ = {isa = PBXBuildFile; fileRef = 8B6CF0C320CCAB360013F372 /* SegmentedControl.swift */; };
		8B743E272148BB9A00322EF8 /* TestingViewController.swift in Sources */ = {isa = PBXBuildFile; fileRef = 8B743E262148BB9A00322EF8 /* TestingViewController.swift */; };
		8B743E29214967AA00322EF8 /* InviteOthersViewController.swift in Sources */ = {isa = PBXBuildFile; fileRef = 8B743E28214967AA00322EF8 /* InviteOthersViewController.swift */; };
		8B81591E20AF714900EDA1FC /* LoginViewController.swift in Sources */ = {isa = PBXBuildFile; fileRef = 8B81591D20AF714900EDA1FC /* LoginViewController.swift */; };
		8B81592020AF746C00EDA1FC /* >_clear.svg in Resources */ = {isa = PBXBuildFile; fileRef = 8B81591F20AF746C00EDA1FC /* >_clear.svg */; };
		8B81592220B09BB900EDA1FC /* ResetPasswordViewController.swift in Sources */ = {isa = PBXBuildFile; fileRef = 8B81592120B09BB900EDA1FC /* ResetPasswordViewController.swift */; };
		8B81592420B2A9B200EDA1FC /* SlaveDiscoveriesViewController.swift in Sources */ = {isa = PBXBuildFile; fileRef = 8B81592320B2A9B200EDA1FC /* SlaveDiscoveriesViewController.swift */; };
		8B81592620B2AB4D00EDA1FC /* MasterPulleyViewController.swift in Sources */ = {isa = PBXBuildFile; fileRef = 8B81592520B2AB4D00EDA1FC /* MasterPulleyViewController.swift */; };
		8BA6455A20830D44006EEEC5 /* AppDelegate.swift in Sources */ = {isa = PBXBuildFile; fileRef = 8BA6455920830D44006EEEC5 /* AppDelegate.swift */; };
		8BA6455C20830D44006EEEC5 /* SlaveMapViewController.swift in Sources */ = {isa = PBXBuildFile; fileRef = 8BA6455B20830D44006EEEC5 /* SlaveMapViewController.swift */; };
		8BA6455F20830D44006EEEC5 /* Main.storyboard in Resources */ = {isa = PBXBuildFile; fileRef = 8BA6455D20830D44006EEEC5 /* Main.storyboard */; };
		8BA6456120830D44006EEEC5 /* Assets.xcassets in Resources */ = {isa = PBXBuildFile; fileRef = 8BA6456020830D44006EEEC5 /* Assets.xcassets */; };
		8BA6456420830D44006EEEC5 /* LaunchScreen.storyboard in Resources */ = {isa = PBXBuildFile; fileRef = 8BA6456220830D44006EEEC5 /* LaunchScreen.storyboard */; };
		8BA6456F20830D44006EEEC5 /* ServinV2Tests.swift in Sources */ = {isa = PBXBuildFile; fileRef = 8BA6456E20830D44006EEEC5 /* ServinV2Tests.swift */; };
		8BA6457A20830D44006EEEC5 /* ServinV2UITests.swift in Sources */ = {isa = PBXBuildFile; fileRef = 8BA6457920830D44006EEEC5 /* ServinV2UITests.swift */; };
		8BA6458820832C74006EEEC5 /* Extensions.swift in Sources */ = {isa = PBXBuildFile; fileRef = 8BA6458720832C74006EEEC5 /* Extensions.swift */; };
		8BA6458A2083305D006EEEC5 /* style.json in Resources */ = {isa = PBXBuildFile; fileRef = 8BA645892083305D006EEEC5 /* style.json */; };
		8BA8F62A209A6C3200AE4640 /* WelcomeViewController.swift in Sources */ = {isa = PBXBuildFile; fileRef = 8BA8F629209A6C3200AE4640 /* WelcomeViewController.swift */; };
		8BBBF5312165C655006A2A3F /* MyStripeAPIClient.swift in Sources */ = {isa = PBXBuildFile; fileRef = 8BBBF5302165C655006A2A3F /* MyStripeAPIClient.swift */; };
		8BBBF53321665F73006A2A3F /* CheckoutViewController.swift in Sources */ = {isa = PBXBuildFile; fileRef = 8BBBF53221665F73006A2A3F /* CheckoutViewController.swift */; };
		8BBFFC2A209D064600BA5D06 /* SideMenuTableViewController.swift in Sources */ = {isa = PBXBuildFile; fileRef = 8BBFFC29209D064600BA5D06 /* SideMenuTableViewController.swift */; };
		8BBFFC2D209D663800BA5D06 /* SideMenuTableViewCell.swift in Sources */ = {isa = PBXBuildFile; fileRef = 8BBFFC2B209D663800BA5D06 /* SideMenuTableViewCell.swift */; };
		8BBFFC2E209D663800BA5D06 /* SideMenuTableViewCell.xib in Resources */ = {isa = PBXBuildFile; fileRef = 8BBFFC2C209D663800BA5D06 /* SideMenuTableViewCell.xib */; };
		8BBFFC30209D8EA000BA5D06 /* TestViewController.swift in Sources */ = {isa = PBXBuildFile; fileRef = 8BBFFC2F209D8EA000BA5D06 /* TestViewController.swift */; };
		8BBFFC32209D96D300BA5D06 /* MessageViewController.swift in Sources */ = {isa = PBXBuildFile; fileRef = 8BBFFC31209D96D300BA5D06 /* MessageViewController.swift */; };
		8BBFFC34209D96F000BA5D06 /* MyPinsTableViewController.swift in Sources */ = {isa = PBXBuildFile; fileRef = 8BBFFC33209D96F000BA5D06 /* MyPinsTableViewController.swift */; };
		8BBFFC36209D970000BA5D06 /* ProfileViewController.swift in Sources */ = {isa = PBXBuildFile; fileRef = 8BBFFC35209D970000BA5D06 /* ProfileViewController.swift */; };
		8BBFFC38209D970A00BA5D06 /* HelpViewController.swift in Sources */ = {isa = PBXBuildFile; fileRef = 8BBFFC37209D970A00BA5D06 /* HelpViewController.swift */; };
		8BBFFC3A209D971400BA5D06 /* SettingsViewController.swift in Sources */ = {isa = PBXBuildFile; fileRef = 8BBFFC39209D971400BA5D06 /* SettingsViewController.swift */; };
		8BBFFC3C209E1F4600BA5D06 /* SearchView.swift in Sources */ = {isa = PBXBuildFile; fileRef = 8BBFFC3B209E1F4600BA5D06 /* SearchView.swift */; };
		8BBFFC4020A0E85200BA5D06 /* HomeMapSearchBar.swift in Sources */ = {isa = PBXBuildFile; fileRef = 8BBFFC3F20A0E85200BA5D06 /* HomeMapSearchBar.swift */; };
		8BBFFC4220A0EED700BA5D06 /* Constants.swift in Sources */ = {isa = PBXBuildFile; fileRef = 8BBFFC4120A0EED700BA5D06 /* Constants.swift */; };
		8BBFFC4420A0EFA500BA5D06 /* MapSearchViewController.swift in Sources */ = {isa = PBXBuildFile; fileRef = 8BBFFC4320A0EFA500BA5D06 /* MapSearchViewController.swift */; };
		8BC006C821E280E000B292B0 /* ChatAPI.swift in Sources */ = {isa = PBXBuildFile; fileRef = 8BC006C721E280E000B292B0 /* ChatAPI.swift */; };
		8BC006CA21E28A8400B292B0 /* awsconfiguration.json in Resources */ = {isa = PBXBuildFile; fileRef = 8BC006C921E28A8400B292B0 /* awsconfiguration.json */; };
		8BC0CE0720D092BF00C6E035 /* UserDiscoveryViewController.swift in Sources */ = {isa = PBXBuildFile; fileRef = 8BC0CE0620D092BF00C6E035 /* UserDiscoveryViewController.swift */; };
		8BC7D0C621227B5900F2CD8F /* DeepLinkManager.swift in Sources */ = {isa = PBXBuildFile; fileRef = 8BC7D0C121227B5700F2CD8F /* DeepLinkManager.swift */; };
		8BC7D0C721227B5900F2CD8F /* DeeplinkNavigator.swift in Sources */ = {isa = PBXBuildFile; fileRef = 8BC7D0C221227B5800F2CD8F /* DeeplinkNavigator.swift */; };
		8BC7D0C821227B5900F2CD8F /* NotificationParser.swift in Sources */ = {isa = PBXBuildFile; fileRef = 8BC7D0C321227B5800F2CD8F /* NotificationParser.swift */; };
		8BC7D0C921227B5900F2CD8F /* DeeplinkParser.swift in Sources */ = {isa = PBXBuildFile; fileRef = 8BC7D0C421227B5800F2CD8F /* DeeplinkParser.swift */; };
		8BC7D0CA21227B5900F2CD8F /* ShortcutParser.swift in Sources */ = {isa = PBXBuildFile; fileRef = 8BC7D0C521227B5800F2CD8F /* ShortcutParser.swift */; };
		8BCB896F20DB621C00AF5A65 /* ServinUser.swift in Sources */ = {isa = PBXBuildFile; fileRef = 8BCB896E20DB621C00AF5A65 /* ServinUser.swift */; };
		8BCB897120DB622900AF5A65 /* Discovery.swift in Sources */ = {isa = PBXBuildFile; fileRef = 8BCB897020DB622900AF5A65 /* Discovery.swift */; };
		8BCB897420DB666200AF5A65 /* ServinData.swift in Sources */ = {isa = PBXBuildFile; fileRef = 8BCB897320DB666200AF5A65 /* ServinData.swift */; };
		8BCB897620E16F6100AF5A65 /* SavedPinsViewController.swift in Sources */ = {isa = PBXBuildFile; fileRef = 8BCB897520E16F6100AF5A65 /* SavedPinsViewController.swift */; };
		8BD2E5892124C47C00DFCFC6 /* PayoutSetupViewController.swift in Sources */ = {isa = PBXBuildFile; fileRef = 8BD2E5882124C47C00DFCFC6 /* PayoutSetupViewController.swift */; };
		8BD3834120C9D2F200B4B653 /* SlavePostAdViewController.swift in Sources */ = {isa = PBXBuildFile; fileRef = 8BD3834020C9D2F200B4B653 /* SlavePostAdViewController.swift */; };
		8BD3834620CB7EB000B4B653 /* PostAdImageCollectionViewCell.swift in Sources */ = {isa = PBXBuildFile; fileRef = 8BD3834420CB7EB000B4B653 /* PostAdImageCollectionViewCell.swift */; };
		8BD3834720CB7EB000B4B653 /* PostAdImageCollectionViewCell.xib in Resources */ = {isa = PBXBuildFile; fileRef = 8BD3834520CB7EB000B4B653 /* PostAdImageCollectionViewCell.xib */; };
		8BD3834920CBCE7700B4B653 /* CustomPhotoPickerViewController.swift in Sources */ = {isa = PBXBuildFile; fileRef = 8BD3834820CBCE7700B4B653 /* CustomPhotoPickerViewController.swift */; };
		8BD3834C20CBD03D00B4B653 /* CustomCell_Instagram.xib in Resources */ = {isa = PBXBuildFile; fileRef = 8BD3834A20CBD03B00B4B653 /* CustomCell_Instagram.xib */; };
		8BD3834D20CBD03D00B4B653 /* CustomCell_Instagram.swift in Sources */ = {isa = PBXBuildFile; fileRef = 8BD3834B20CBD03D00B4B653 /* CustomCell_Instagram.swift */; };
		8BDE4DCA20C4672800967153 /* EditProfileViewController.swift in Sources */ = {isa = PBXBuildFile; fileRef = 8BDE4DC920C4672800967153 /* EditProfileViewController.swift */; };
		8BE8951F20D1DD3000108CED /* DiscoveryUserProfileCollectionViewCell.swift in Sources */ = {isa = PBXBuildFile; fileRef = 8BE8951D20D1DD3000108CED /* DiscoveryUserProfileCollectionViewCell.swift */; };
		8BE8952020D1DD3000108CED /* DiscoveryUserProfileCollectionViewCell.xib in Resources */ = {isa = PBXBuildFile; fileRef = 8BE8951E20D1DD3000108CED /* DiscoveryUserProfileCollectionViewCell.xib */; };
		8BEE79B720EC25D800DB768C /* DetailedMessageViewController.swift in Sources */ = {isa = PBXBuildFile; fileRef = 8BEE79B620EC25D800DB768C /* DetailedMessageViewController.swift */; };
		8BEE79B920ED392700DB768C /* MessageUserPinViewController.swift in Sources */ = {isa = PBXBuildFile; fileRef = 8BEE79B820ED392700DB768C /* MessageUserPinViewController.swift */; };
		8BEE79BB20F42D3700DB768C /* ConfirmForgotPasswordViewController.swift in Sources */ = {isa = PBXBuildFile; fileRef = 8BEE79BA20F42D3700DB768C /* ConfirmForgotPasswordViewController.swift */; };
		8BEE79BD20F4389A00DB768C /* ConfirmSignUpViewController.swift in Sources */ = {isa = PBXBuildFile; fileRef = 8BEE79BC20F4389A00DB768C /* ConfirmSignUpViewController.swift */; };
		8BEE79C020F56A0600DB768C /* MFAViewController.swift in Sources */ = {isa = PBXBuildFile; fileRef = 8BEE79BE20F56A0600DB768C /* MFAViewController.swift */; };
		8BEE79C120F56A0600DB768C /* MFAViewController.xib in Resources */ = {isa = PBXBuildFile; fileRef = 8BEE79BF20F56A0600DB768C /* MFAViewController.xib */; };
		8BEE79C520F66FED00DB768C /* EmailActionSheetPresenter.swift in Sources */ = {isa = PBXBuildFile; fileRef = 8BEE79C420F66FED00DB768C /* EmailActionSheetPresenter.swift */; };
		8BEE79C720F6966200DB768C /* GoForwardMacawView.swift in Sources */ = {isa = PBXBuildFile; fileRef = 8BEE79C620F6966200DB768C /* GoForwardMacawView.swift */; };
		8BF2AF0E2126314C0073B139 /* IdentificationRequestViewController.swift in Sources */ = {isa = PBXBuildFile; fileRef = 8BF2AF0D2126314C0073B139 /* IdentificationRequestViewController.swift */; };
		8BF2AF1A212A543C0073B139 /* PaymentViewController.swift in Sources */ = {isa = PBXBuildFile; fileRef = 8BF2AF19212A543C0073B139 /* PaymentViewController.swift */; };
		8BF2AF1C212B94DD0073B139 /* DefaultsWrapper.swift in Sources */ = {isa = PBXBuildFile; fileRef = 8BF2AF1B212B94DD0073B139 /* DefaultsWrapper.swift */; };
		8BF6F5AB213EF142006146E9 /* NotificationsAroundYouViewController.swift in Sources */ = {isa = PBXBuildFile; fileRef = 8BF6F5AA213EF142006146E9 /* NotificationsAroundYouViewController.swift */; };
		E16C5EAE7121BE25768396BD /* Pods_ServinV2Tests.framework in Frameworks */ = {isa = PBXBuildFile; fileRef = 9CB81D63A95F432E939FBA2D /* Pods_ServinV2Tests.framework */; };
/* End PBXBuildFile section */

/* Begin PBXContainerItemProxy section */
		8BA6456B20830D44006EEEC5 /* PBXContainerItemProxy */ = {
			isa = PBXContainerItemProxy;
			containerPortal = 8BA6454E20830D44006EEEC5 /* Project object */;
			proxyType = 1;
			remoteGlobalIDString = 8BA6455520830D44006EEEC5;
			remoteInfo = ServinV2;
		};
		8BA6457620830D44006EEEC5 /* PBXContainerItemProxy */ = {
			isa = PBXContainerItemProxy;
			containerPortal = 8BA6454E20830D44006EEEC5 /* Project object */;
			proxyType = 1;
			remoteGlobalIDString = 8BA6455520830D44006EEEC5;
			remoteInfo = ServinV2;
		};
/* End PBXContainerItemProxy section */

/* Begin PBXFileReference section */
		3B84138530BA28BC291D1563 /* Pods-ServinV2.debug.xcconfig */ = {isa = PBXFileReference; includeInIndex = 1; lastKnownFileType = text.xcconfig; name = "Pods-ServinV2.debug.xcconfig"; path = "Pods/Target Support Files/Pods-ServinV2/Pods-ServinV2.debug.xcconfig"; sourceTree = "<group>"; };
		634FA61F8ACA402D3C651A84 /* Pods-ServinV2Tests.release.xcconfig */ = {isa = PBXFileReference; includeInIndex = 1; lastKnownFileType = text.xcconfig; name = "Pods-ServinV2Tests.release.xcconfig"; path = "Pods/Target Support Files/Pods-ServinV2Tests/Pods-ServinV2Tests.release.xcconfig"; sourceTree = "<group>"; };
		63793A76737115F8C39DB347 /* Pods-ServinV2.release.xcconfig */ = {isa = PBXFileReference; includeInIndex = 1; lastKnownFileType = text.xcconfig; name = "Pods-ServinV2.release.xcconfig"; path = "Pods/Target Support Files/Pods-ServinV2/Pods-ServinV2.release.xcconfig"; sourceTree = "<group>"; };
		654382927B9EECADF9248D33 /* Pods-ServinV2Tests.debug.xcconfig */ = {isa = PBXFileReference; includeInIndex = 1; lastKnownFileType = text.xcconfig; name = "Pods-ServinV2Tests.debug.xcconfig"; path = "Pods/Target Support Files/Pods-ServinV2Tests/Pods-ServinV2Tests.debug.xcconfig"; sourceTree = "<group>"; };
		8B24113121B4CB1F00AA37E5 /* AWSApiGatewayBridge.h */ = {isa = PBXFileReference; fileEncoding = 4; lastKnownFileType = sourcecode.c.h; path = AWSApiGatewayBridge.h; sourceTree = "<group>"; };
		8B24113221B4CB1F00AA37E5 /* Bridging_Header.h */ = {isa = PBXFileReference; fileEncoding = 4; lastKnownFileType = sourcecode.c.h; path = Bridging_Header.h; sourceTree = "<group>"; };
		8B24113321B4CB1F00AA37E5 /* SERVINAPIMERGENCEClient.swift */ = {isa = PBXFileReference; fileEncoding = 4; lastKnownFileType = sourcecode.swift; path = SERVINAPIMERGENCEClient.swift; sourceTree = "<group>"; };
		8B3FEF6E20CD01DB0056C22A /* SideMenuProfileTableViewCell.swift */ = {isa = PBXFileReference; lastKnownFileType = sourcecode.swift; path = SideMenuProfileTableViewCell.swift; sourceTree = "<group>"; };
		8B3FEF6F20CD01DB0056C22A /* SideMenuProfileTableViewCell.xib */ = {isa = PBXFileReference; lastKnownFileType = file.xib; path = SideMenuProfileTableViewCell.xib; sourceTree = "<group>"; };
		8B3FEF7420CD18090056C22A /* SideMenuServinLogoTableViewCell.swift */ = {isa = PBXFileReference; lastKnownFileType = sourcecode.swift; path = SideMenuServinLogoTableViewCell.swift; sourceTree = "<group>"; };
		8B3FEF7520CD18090056C22A /* SideMenuServinLogoTableViewCell.xib */ = {isa = PBXFileReference; lastKnownFileType = file.xib; path = SideMenuServinLogoTableViewCell.xib; sourceTree = "<group>"; };
		8B43C47C2107C6EB004D9D0F /* CustomFloatingTextfield.swift */ = {isa = PBXFileReference; lastKnownFileType = sourcecode.swift; path = CustomFloatingTextfield.swift; sourceTree = "<group>"; };
		8B43D38B20D0C929002B0615 /* DiscoveryDetailsCollectionViewCell.swift */ = {isa = PBXFileReference; lastKnownFileType = sourcecode.swift; path = DiscoveryDetailsCollectionViewCell.swift; sourceTree = "<group>"; };
		8B43D38F20D0DAB1002B0615 /* DiscoveryImagesCollectionViewCell.swift */ = {isa = PBXFileReference; lastKnownFileType = sourcecode.swift; path = DiscoveryImagesCollectionViewCell.swift; sourceTree = "<group>"; };
		8B43D39020D0DAB1002B0615 /* DiscoveryImagesCollectionViewCell.xib */ = {isa = PBXFileReference; lastKnownFileType = file.xib; path = DiscoveryImagesCollectionViewCell.xib; sourceTree = "<group>"; };
		8B45C1FF20D7173C009FF0F9 /* DiscoveryFullScreenMapViewController.swift */ = {isa = PBXFileReference; lastKnownFileType = sourcecode.swift; path = DiscoveryFullScreenMapViewController.swift; sourceTree = "<group>"; };
		8B45C20520D76AF9009FF0F9 /* AlamoFireSource.swift */ = {isa = PBXFileReference; lastKnownFileType = sourcecode.swift; path = AlamoFireSource.swift; sourceTree = "<group>"; };
		8B45C20720D890B9009FF0F9 /* MyDiscoveryViewController.swift */ = {isa = PBXFileReference; lastKnownFileType = sourcecode.swift; path = MyDiscoveryViewController.swift; sourceTree = "<group>"; };
		8B48C0E020D9DFA00068C8EF /* PinsNearbyCollectionViewCell.xib */ = {isa = PBXFileReference; fileEncoding = 4; lastKnownFileType = file.xib; path = PinsNearbyCollectionViewCell.xib; sourceTree = "<group>"; };
		8B48C0E120D9DFA10068C8EF /* PinsNearbyCollectionViewCell.swift */ = {isa = PBXFileReference; fileEncoding = 4; lastKnownFileType = sourcecode.swift; path = PinsNearbyCollectionViewCell.swift; sourceTree = "<group>"; };
		8B48C0E620DA04CF0068C8EF /* MyPinTableViewCell.swift */ = {isa = PBXFileReference; lastKnownFileType = sourcecode.swift; path = MyPinTableViewCell.swift; sourceTree = "<group>"; };
		8B48C0E720DA04CF0068C8EF /* MyPinTableViewCell.xib */ = {isa = PBXFileReference; lastKnownFileType = file.xib; path = MyPinTableViewCell.xib; sourceTree = "<group>"; };
		8B4A26B4210FB8C100CE5FD6 /* ReviewViewController.swift */ = {isa = PBXFileReference; lastKnownFileType = sourcecode.swift; path = ReviewViewController.swift; sourceTree = "<group>"; };
		8B4D5723218A954D00A28CEA /* APIManager.swift */ = {isa = PBXFileReference; lastKnownFileType = sourcecode.swift; path = APIManager.swift; sourceTree = "<group>"; };
		8B4D962B218A4D260031E616 /* StripeConnectWebViewController.swift */ = {isa = PBXFileReference; lastKnownFileType = sourcecode.swift; path = StripeConnectWebViewController.swift; sourceTree = "<group>"; };
		8B50DA2820FD4912004C59EB /* SoftwareMFAViewController.swift */ = {isa = PBXFileReference; lastKnownFileType = sourcecode.swift; path = SoftwareMFAViewController.swift; sourceTree = "<group>"; };
		8B50DA2920FD4912004C59EB /* SoftwareMFAViewController.xib */ = {isa = PBXFileReference; lastKnownFileType = file.xib; path = SoftwareMFAViewController.xib; sourceTree = "<group>"; };
		8B51798A20D9800900774BDE /* UserProfileViewController.swift */ = {isa = PBXFileReference; lastKnownFileType = sourcecode.swift; path = UserProfileViewController.swift; sourceTree = "<group>"; };
		8B51798C20D99C8900774BDE /* EditDiscoveryViewController.swift */ = {isa = PBXFileReference; lastKnownFileType = sourcecode.swift; path = EditDiscoveryViewController.swift; sourceTree = "<group>"; };
		8B51FD2C210235F200E6563E /* SelectCategoriesViewController.swift */ = {isa = PBXFileReference; lastKnownFileType = sourcecode.swift; path = SelectCategoriesViewController.swift; sourceTree = "<group>"; };
		8B52724620F81ED200425717 /* CognitoConfig.swift */ = {isa = PBXFileReference; lastKnownFileType = sourcecode.swift; path = CognitoConfig.swift; sourceTree = "<group>"; };
		8B52724820F81F0300425717 /* CognitoConfig.plist */ = {isa = PBXFileReference; lastKnownFileType = text.plist.xml; path = CognitoConfig.plist; sourceTree = "<group>"; };
		8B53487A2134FF20009E4C3E /* KeyChainStore.swift */ = {isa = PBXFileReference; lastKnownFileType = sourcecode.swift; path = KeyChainStore.swift; sourceTree = "<group>"; };
		8B53487C21350D08009E4C3E /* BackendServer.swift */ = {isa = PBXFileReference; lastKnownFileType = sourcecode.swift; path = BackendServer.swift; sourceTree = "<group>"; };
		8B53487E213779AC009E4C3E /* Reachability.swift */ = {isa = PBXFileReference; lastKnownFileType = sourcecode.swift; path = Reachability.swift; sourceTree = "<group>"; };
		8B68E30B209B725200F7F365 /* SignUp1ViewController.swift */ = {isa = PBXFileReference; lastKnownFileType = sourcecode.swift; path = SignUp1ViewController.swift; sourceTree = "<group>"; };
		8B68E30D209B726300F7F365 /* SignUp2ViewController.swift */ = {isa = PBXFileReference; lastKnownFileType = sourcecode.swift; path = SignUp2ViewController.swift; sourceTree = "<group>"; };
		8B68E30F209B726C00F7F365 /* SignUp3ViewController.swift */ = {isa = PBXFileReference; lastKnownFileType = sourcecode.swift; path = SignUp3ViewController.swift; sourceTree = "<group>"; };
		8B6B7DFE20ADB56400867F18 /* logo_servin.svg */ = {isa = PBXFileReference; fileEncoding = 4; lastKnownFileType = text.xml; path = logo_servin.svg; sourceTree = "<group>"; };
		8B6CF0C320CCAB360013F372 /* SegmentedControl.swift */ = {isa = PBXFileReference; fileEncoding = 4; lastKnownFileType = sourcecode.swift; path = SegmentedControl.swift; sourceTree = "<group>"; };
		8B743E262148BB9A00322EF8 /* TestingViewController.swift */ = {isa = PBXFileReference; lastKnownFileType = sourcecode.swift; path = TestingViewController.swift; sourceTree = "<group>"; };
		8B743E28214967AA00322EF8 /* InviteOthersViewController.swift */ = {isa = PBXFileReference; lastKnownFileType = sourcecode.swift; path = InviteOthersViewController.swift; sourceTree = "<group>"; };
		8B81591D20AF714900EDA1FC /* LoginViewController.swift */ = {isa = PBXFileReference; lastKnownFileType = sourcecode.swift; path = LoginViewController.swift; sourceTree = "<group>"; };
		8B81591F20AF746C00EDA1FC /* >_clear.svg */ = {isa = PBXFileReference; fileEncoding = 4; lastKnownFileType = text.xml; path = ">_clear.svg"; sourceTree = "<group>"; };
		8B81592120B09BB900EDA1FC /* ResetPasswordViewController.swift */ = {isa = PBXFileReference; lastKnownFileType = sourcecode.swift; path = ResetPasswordViewController.swift; sourceTree = "<group>"; };
		8B81592320B2A9B200EDA1FC /* SlaveDiscoveriesViewController.swift */ = {isa = PBXFileReference; lastKnownFileType = sourcecode.swift; path = SlaveDiscoveriesViewController.swift; sourceTree = "<group>"; };
		8B81592520B2AB4D00EDA1FC /* MasterPulleyViewController.swift */ = {isa = PBXFileReference; lastKnownFileType = sourcecode.swift; path = MasterPulleyViewController.swift; sourceTree = "<group>"; };
		8BA6455620830D44006EEEC5 /* ServinV2.app */ = {isa = PBXFileReference; explicitFileType = wrapper.application; includeInIndex = 0; path = ServinV2.app; sourceTree = BUILT_PRODUCTS_DIR; };
		8BA6455920830D44006EEEC5 /* AppDelegate.swift */ = {isa = PBXFileReference; lastKnownFileType = sourcecode.swift; path = AppDelegate.swift; sourceTree = "<group>"; };
		8BA6455B20830D44006EEEC5 /* SlaveMapViewController.swift */ = {isa = PBXFileReference; lastKnownFileType = sourcecode.swift; path = SlaveMapViewController.swift; sourceTree = "<group>"; };
		8BA6455E20830D44006EEEC5 /* Base */ = {isa = PBXFileReference; lastKnownFileType = file.storyboard; name = Base; path = Base.lproj/Main.storyboard; sourceTree = "<group>"; };
		8BA6456020830D44006EEEC5 /* Assets.xcassets */ = {isa = PBXFileReference; lastKnownFileType = folder.assetcatalog; path = Assets.xcassets; sourceTree = "<group>"; };
		8BA6456320830D44006EEEC5 /* Base */ = {isa = PBXFileReference; lastKnownFileType = file.storyboard; name = Base; path = Base.lproj/LaunchScreen.storyboard; sourceTree = "<group>"; };
		8BA6456520830D44006EEEC5 /* Info.plist */ = {isa = PBXFileReference; lastKnownFileType = text.plist.xml; path = Info.plist; sourceTree = "<group>"; };
		8BA6456A20830D44006EEEC5 /* ServinV2Tests.xctest */ = {isa = PBXFileReference; explicitFileType = wrapper.cfbundle; includeInIndex = 0; path = ServinV2Tests.xctest; sourceTree = BUILT_PRODUCTS_DIR; };
		8BA6456E20830D44006EEEC5 /* ServinV2Tests.swift */ = {isa = PBXFileReference; lastKnownFileType = sourcecode.swift; path = ServinV2Tests.swift; sourceTree = "<group>"; };
		8BA6457020830D44006EEEC5 /* Info.plist */ = {isa = PBXFileReference; lastKnownFileType = text.plist.xml; path = Info.plist; sourceTree = "<group>"; };
		8BA6457520830D44006EEEC5 /* ServinV2UITests.xctest */ = {isa = PBXFileReference; explicitFileType = wrapper.cfbundle; includeInIndex = 0; path = ServinV2UITests.xctest; sourceTree = BUILT_PRODUCTS_DIR; };
		8BA6457920830D44006EEEC5 /* ServinV2UITests.swift */ = {isa = PBXFileReference; lastKnownFileType = sourcecode.swift; path = ServinV2UITests.swift; sourceTree = "<group>"; };
		8BA6457B20830D44006EEEC5 /* Info.plist */ = {isa = PBXFileReference; lastKnownFileType = text.plist.xml; path = Info.plist; sourceTree = "<group>"; };
		8BA6458720832C74006EEEC5 /* Extensions.swift */ = {isa = PBXFileReference; fileEncoding = 4; lastKnownFileType = sourcecode.swift; path = Extensions.swift; sourceTree = "<group>"; };
		8BA645892083305D006EEEC5 /* style.json */ = {isa = PBXFileReference; fileEncoding = 4; lastKnownFileType = text.json; path = style.json; sourceTree = "<group>"; };
		8BA8F629209A6C3200AE4640 /* WelcomeViewController.swift */ = {isa = PBXFileReference; lastKnownFileType = sourcecode.swift; path = WelcomeViewController.swift; sourceTree = "<group>"; };
		8BBBF5302165C655006A2A3F /* MyStripeAPIClient.swift */ = {isa = PBXFileReference; lastKnownFileType = sourcecode.swift; path = MyStripeAPIClient.swift; sourceTree = "<group>"; };
		8BBBF53221665F73006A2A3F /* CheckoutViewController.swift */ = {isa = PBXFileReference; lastKnownFileType = sourcecode.swift; path = CheckoutViewController.swift; sourceTree = "<group>"; };
		8BBFFC29209D064600BA5D06 /* SideMenuTableViewController.swift */ = {isa = PBXFileReference; lastKnownFileType = sourcecode.swift; path = SideMenuTableViewController.swift; sourceTree = "<group>"; };
		8BBFFC2B209D663800BA5D06 /* SideMenuTableViewCell.swift */ = {isa = PBXFileReference; lastKnownFileType = sourcecode.swift; path = SideMenuTableViewCell.swift; sourceTree = "<group>"; };
		8BBFFC2C209D663800BA5D06 /* SideMenuTableViewCell.xib */ = {isa = PBXFileReference; lastKnownFileType = file.xib; path = SideMenuTableViewCell.xib; sourceTree = "<group>"; };
		8BBFFC2F209D8EA000BA5D06 /* TestViewController.swift */ = {isa = PBXFileReference; lastKnownFileType = sourcecode.swift; path = TestViewController.swift; sourceTree = "<group>"; };
		8BBFFC31209D96D300BA5D06 /* MessageViewController.swift */ = {isa = PBXFileReference; lastKnownFileType = sourcecode.swift; path = MessageViewController.swift; sourceTree = "<group>"; };
		8BBFFC33209D96F000BA5D06 /* MyPinsTableViewController.swift */ = {isa = PBXFileReference; lastKnownFileType = sourcecode.swift; path = MyPinsTableViewController.swift; sourceTree = "<group>"; };
		8BBFFC35209D970000BA5D06 /* ProfileViewController.swift */ = {isa = PBXFileReference; lastKnownFileType = sourcecode.swift; path = ProfileViewController.swift; sourceTree = "<group>"; };
		8BBFFC37209D970A00BA5D06 /* HelpViewController.swift */ = {isa = PBXFileReference; lastKnownFileType = sourcecode.swift; path = HelpViewController.swift; sourceTree = "<group>"; };
		8BBFFC39209D971400BA5D06 /* SettingsViewController.swift */ = {isa = PBXFileReference; lastKnownFileType = sourcecode.swift; path = SettingsViewController.swift; sourceTree = "<group>"; };
		8BBFFC3B209E1F4600BA5D06 /* SearchView.swift */ = {isa = PBXFileReference; lastKnownFileType = sourcecode.swift; path = SearchView.swift; sourceTree = "<group>"; };
		8BBFFC3F20A0E85200BA5D06 /* HomeMapSearchBar.swift */ = {isa = PBXFileReference; lastKnownFileType = sourcecode.swift; path = HomeMapSearchBar.swift; sourceTree = "<group>"; };
		8BBFFC4120A0EED700BA5D06 /* Constants.swift */ = {isa = PBXFileReference; lastKnownFileType = sourcecode.swift; path = Constants.swift; sourceTree = "<group>"; };
		8BBFFC4320A0EFA500BA5D06 /* MapSearchViewController.swift */ = {isa = PBXFileReference; lastKnownFileType = sourcecode.swift; path = MapSearchViewController.swift; sourceTree = "<group>"; };
		8BC006C721E280E000B292B0 /* ChatAPI.swift */ = {isa = PBXFileReference; fileEncoding = 4; lastKnownFileType = sourcecode.swift; path = ChatAPI.swift; sourceTree = "<group>"; };
		8BC006C921E28A8400B292B0 /* awsconfiguration.json */ = {isa = PBXFileReference; fileEncoding = 4; lastKnownFileType = text.json; path = awsconfiguration.json; sourceTree = "<group>"; };
		8BC0CE0620D092BF00C6E035 /* UserDiscoveryViewController.swift */ = {isa = PBXFileReference; lastKnownFileType = sourcecode.swift; path = UserDiscoveryViewController.swift; sourceTree = "<group>"; };
		8BC7D0B1212110CA00F2CD8F /* ServinV2.entitlements */ = {isa = PBXFileReference; lastKnownFileType = text.plist.entitlements; path = ServinV2.entitlements; sourceTree = "<group>"; };
		8BC7D0C121227B5700F2CD8F /* DeepLinkManager.swift */ = {isa = PBXFileReference; fileEncoding = 4; lastKnownFileType = sourcecode.swift; path = DeepLinkManager.swift; sourceTree = "<group>"; };
		8BC7D0C221227B5800F2CD8F /* DeeplinkNavigator.swift */ = {isa = PBXFileReference; fileEncoding = 4; lastKnownFileType = sourcecode.swift; path = DeeplinkNavigator.swift; sourceTree = "<group>"; };
		8BC7D0C321227B5800F2CD8F /* NotificationParser.swift */ = {isa = PBXFileReference; fileEncoding = 4; lastKnownFileType = sourcecode.swift; path = NotificationParser.swift; sourceTree = "<group>"; };
		8BC7D0C421227B5800F2CD8F /* DeeplinkParser.swift */ = {isa = PBXFileReference; fileEncoding = 4; lastKnownFileType = sourcecode.swift; path = DeeplinkParser.swift; sourceTree = "<group>"; };
		8BC7D0C521227B5800F2CD8F /* ShortcutParser.swift */ = {isa = PBXFileReference; fileEncoding = 4; lastKnownFileType = sourcecode.swift; path = ShortcutParser.swift; sourceTree = "<group>"; };
		8BCB896E20DB621C00AF5A65 /* ServinUser.swift */ = {isa = PBXFileReference; lastKnownFileType = sourcecode.swift; path = ServinUser.swift; sourceTree = "<group>"; };
		8BCB897020DB622900AF5A65 /* Discovery.swift */ = {isa = PBXFileReference; lastKnownFileType = sourcecode.swift; path = Discovery.swift; sourceTree = "<group>"; };
		8BCB897320DB666200AF5A65 /* ServinData.swift */ = {isa = PBXFileReference; lastKnownFileType = sourcecode.swift; path = ServinData.swift; sourceTree = "<group>"; };
		8BCB897520E16F6100AF5A65 /* SavedPinsViewController.swift */ = {isa = PBXFileReference; lastKnownFileType = sourcecode.swift; path = SavedPinsViewController.swift; sourceTree = "<group>"; };
		8BD2E5882124C47C00DFCFC6 /* PayoutSetupViewController.swift */ = {isa = PBXFileReference; lastKnownFileType = sourcecode.swift; path = PayoutSetupViewController.swift; sourceTree = "<group>"; };
		8BD3834020C9D2F200B4B653 /* SlavePostAdViewController.swift */ = {isa = PBXFileReference; lastKnownFileType = sourcecode.swift; path = SlavePostAdViewController.swift; sourceTree = "<group>"; };
		8BD3834420CB7EB000B4B653 /* PostAdImageCollectionViewCell.swift */ = {isa = PBXFileReference; lastKnownFileType = sourcecode.swift; path = PostAdImageCollectionViewCell.swift; sourceTree = "<group>"; };
		8BD3834520CB7EB000B4B653 /* PostAdImageCollectionViewCell.xib */ = {isa = PBXFileReference; lastKnownFileType = file.xib; path = PostAdImageCollectionViewCell.xib; sourceTree = "<group>"; };
		8BD3834820CBCE7700B4B653 /* CustomPhotoPickerViewController.swift */ = {isa = PBXFileReference; fileEncoding = 4; lastKnownFileType = sourcecode.swift; path = CustomPhotoPickerViewController.swift; sourceTree = "<group>"; };
		8BD3834A20CBD03B00B4B653 /* CustomCell_Instagram.xib */ = {isa = PBXFileReference; fileEncoding = 4; lastKnownFileType = file.xib; path = CustomCell_Instagram.xib; sourceTree = "<group>"; };
		8BD3834B20CBD03D00B4B653 /* CustomCell_Instagram.swift */ = {isa = PBXFileReference; fileEncoding = 4; lastKnownFileType = sourcecode.swift; path = CustomCell_Instagram.swift; sourceTree = "<group>"; };
		8BDE4DC920C4672800967153 /* EditProfileViewController.swift */ = {isa = PBXFileReference; lastKnownFileType = sourcecode.swift; path = EditProfileViewController.swift; sourceTree = "<group>"; };
		8BE8951D20D1DD3000108CED /* DiscoveryUserProfileCollectionViewCell.swift */ = {isa = PBXFileReference; lastKnownFileType = sourcecode.swift; path = DiscoveryUserProfileCollectionViewCell.swift; sourceTree = "<group>"; };
		8BE8951E20D1DD3000108CED /* DiscoveryUserProfileCollectionViewCell.xib */ = {isa = PBXFileReference; lastKnownFileType = file.xib; path = DiscoveryUserProfileCollectionViewCell.xib; sourceTree = "<group>"; };
		8BEE79B620EC25D800DB768C /* DetailedMessageViewController.swift */ = {isa = PBXFileReference; lastKnownFileType = sourcecode.swift; path = DetailedMessageViewController.swift; sourceTree = "<group>"; };
		8BEE79B820ED392700DB768C /* MessageUserPinViewController.swift */ = {isa = PBXFileReference; lastKnownFileType = sourcecode.swift; path = MessageUserPinViewController.swift; sourceTree = "<group>"; };
		8BEE79BA20F42D3700DB768C /* ConfirmForgotPasswordViewController.swift */ = {isa = PBXFileReference; lastKnownFileType = sourcecode.swift; path = ConfirmForgotPasswordViewController.swift; sourceTree = "<group>"; };
		8BEE79BC20F4389A00DB768C /* ConfirmSignUpViewController.swift */ = {isa = PBXFileReference; lastKnownFileType = sourcecode.swift; path = ConfirmSignUpViewController.swift; sourceTree = "<group>"; };
		8BEE79BE20F56A0600DB768C /* MFAViewController.swift */ = {isa = PBXFileReference; lastKnownFileType = sourcecode.swift; path = MFAViewController.swift; sourceTree = "<group>"; };
		8BEE79BF20F56A0600DB768C /* MFAViewController.xib */ = {isa = PBXFileReference; lastKnownFileType = file.xib; path = MFAViewController.xib; sourceTree = "<group>"; };
		8BEE79C420F66FED00DB768C /* EmailActionSheetPresenter.swift */ = {isa = PBXFileReference; lastKnownFileType = sourcecode.swift; path = EmailActionSheetPresenter.swift; sourceTree = "<group>"; };
		8BEE79C620F6966200DB768C /* GoForwardMacawView.swift */ = {isa = PBXFileReference; lastKnownFileType = sourcecode.swift; path = GoForwardMacawView.swift; sourceTree = "<group>"; };
		8BF2AF0D2126314C0073B139 /* IdentificationRequestViewController.swift */ = {isa = PBXFileReference; lastKnownFileType = sourcecode.swift; path = IdentificationRequestViewController.swift; sourceTree = "<group>"; };
		8BF2AF19212A543C0073B139 /* PaymentViewController.swift */ = {isa = PBXFileReference; lastKnownFileType = sourcecode.swift; path = PaymentViewController.swift; sourceTree = "<group>"; };
		8BF2AF1B212B94DD0073B139 /* DefaultsWrapper.swift */ = {isa = PBXFileReference; lastKnownFileType = sourcecode.swift; path = DefaultsWrapper.swift; sourceTree = "<group>"; };
		8BF6F5AA213EF142006146E9 /* NotificationsAroundYouViewController.swift */ = {isa = PBXFileReference; lastKnownFileType = sourcecode.swift; path = NotificationsAroundYouViewController.swift; sourceTree = "<group>"; };
		9CB81D63A95F432E939FBA2D /* Pods_ServinV2Tests.framework */ = {isa = PBXFileReference; explicitFileType = wrapper.framework; includeInIndex = 0; path = Pods_ServinV2Tests.framework; sourceTree = BUILT_PRODUCTS_DIR; };
		B493958AB437377F7645197B /* Pods-ServinV2UITests.debug.xcconfig */ = {isa = PBXFileReference; includeInIndex = 1; lastKnownFileType = text.xcconfig; name = "Pods-ServinV2UITests.debug.xcconfig"; path = "Pods/Target Support Files/Pods-ServinV2UITests/Pods-ServinV2UITests.debug.xcconfig"; sourceTree = "<group>"; };
		BA11F7138B0F05AD940B483D /* Pods_ServinV2UITests.framework */ = {isa = PBXFileReference; explicitFileType = wrapper.framework; includeInIndex = 0; path = Pods_ServinV2UITests.framework; sourceTree = BUILT_PRODUCTS_DIR; };
		D566F623AEBCAFFBB31DDC90 /* Pods_ServinV2.framework */ = {isa = PBXFileReference; explicitFileType = wrapper.framework; includeInIndex = 0; path = Pods_ServinV2.framework; sourceTree = BUILT_PRODUCTS_DIR; };
		E174C829C150CBE0F9E737F6 /* Pods-ServinV2UITests.release.xcconfig */ = {isa = PBXFileReference; includeInIndex = 1; lastKnownFileType = text.xcconfig; name = "Pods-ServinV2UITests.release.xcconfig"; path = "Pods/Target Support Files/Pods-ServinV2UITests/Pods-ServinV2UITests.release.xcconfig"; sourceTree = "<group>"; };
/* End PBXFileReference section */

/* Begin PBXFrameworksBuildPhase section */
		8BA6455320830D44006EEEC5 /* Frameworks */ = {
			isa = PBXFrameworksBuildPhase;
			buildActionMask = 2147483647;
			files = (
				7DBBC905C791BD3BD31B505D /* Pods_ServinV2.framework in Frameworks */,
			);
			runOnlyForDeploymentPostprocessing = 0;
		};
		8BA6456720830D44006EEEC5 /* Frameworks */ = {
			isa = PBXFrameworksBuildPhase;
			buildActionMask = 2147483647;
			files = (
				E16C5EAE7121BE25768396BD /* Pods_ServinV2Tests.framework in Frameworks */,
			);
			runOnlyForDeploymentPostprocessing = 0;
		};
		8BA6457220830D44006EEEC5 /* Frameworks */ = {
			isa = PBXFrameworksBuildPhase;
			buildActionMask = 2147483647;
			files = (
				53E0616D9EF920DF33A0828D /* Pods_ServinV2UITests.framework in Frameworks */,
			);
			runOnlyForDeploymentPostprocessing = 0;
		};
/* End PBXFrameworksBuildPhase section */

/* Begin PBXGroup section */
		30BB6666F59DD72BE821C756 /* Pods */ = {
			isa = PBXGroup;
			children = (
				3B84138530BA28BC291D1563 /* Pods-ServinV2.debug.xcconfig */,
				63793A76737115F8C39DB347 /* Pods-ServinV2.release.xcconfig */,
				654382927B9EECADF9248D33 /* Pods-ServinV2Tests.debug.xcconfig */,
				634FA61F8ACA402D3C651A84 /* Pods-ServinV2Tests.release.xcconfig */,
				B493958AB437377F7645197B /* Pods-ServinV2UITests.debug.xcconfig */,
				E174C829C150CBE0F9E737F6 /* Pods-ServinV2UITests.release.xcconfig */,
			);
			name = Pods;
			sourceTree = "<group>";
		};
		8B1C7A7420B49F7A00BA3954 /* Discoveries */ = {
			isa = PBXGroup;
			children = (
			);
			path = Discoveries;
			sourceTree = "<group>";
		};
		8B3FEF6B20CD01840056C22A /* Post Ad */ = {
			isa = PBXGroup;
			children = (
				8B6CF0C320CCAB360013F372 /* SegmentedControl.swift */,
				8BD3834420CB7EB000B4B653 /* PostAdImageCollectionViewCell.swift */,
				8BD3834520CB7EB000B4B653 /* PostAdImageCollectionViewCell.xib */,
				8BD3834820CBCE7700B4B653 /* CustomPhotoPickerViewController.swift */,
				8BD3834B20CBD03D00B4B653 /* CustomCell_Instagram.swift */,
				8BD3834A20CBD03B00B4B653 /* CustomCell_Instagram.xib */,
				8BD3834020C9D2F200B4B653 /* SlavePostAdViewController.swift */,
			);
			path = "Post Ad";
			sourceTree = "<group>";
		};
		8B45C1FE20D70EB3009FF0F9 /* Discovery */ = {
			isa = PBXGroup;
			children = (
				8B51798C20D99C8900774BDE /* EditDiscoveryViewController.swift */,
				8BC0CE0620D092BF00C6E035 /* UserDiscoveryViewController.swift */,
				8B43D38B20D0C929002B0615 /* DiscoveryDetailsCollectionViewCell.swift */,
				8B43D38F20D0DAB1002B0615 /* DiscoveryImagesCollectionViewCell.swift */,
				8B43D39020D0DAB1002B0615 /* DiscoveryImagesCollectionViewCell.xib */,
				8BE8951D20D1DD3000108CED /* DiscoveryUserProfileCollectionViewCell.swift */,
				8BE8951E20D1DD3000108CED /* DiscoveryUserProfileCollectionViewCell.xib */,
				8B45C1FF20D7173C009FF0F9 /* DiscoveryFullScreenMapViewController.swift */,
				8B45C20520D76AF9009FF0F9 /* AlamoFireSource.swift */,
				8B45C20720D890B9009FF0F9 /* MyDiscoveryViewController.swift */,
			);
			path = Discovery;
			sourceTree = "<group>";
		};
		8B51799220D9A37800774BDE /* My Pins */ = {
			isa = PBXGroup;
			children = (
				8BBFFC33209D96F000BA5D06 /* MyPinsTableViewController.swift */,
				8B48C0E620DA04CF0068C8EF /* MyPinTableViewCell.swift */,
				8B48C0E720DA04CF0068C8EF /* MyPinTableViewCell.xib */,
			);
			path = "My Pins";
			sourceTree = "<group>";
		};
		8B51FCB720FFE8E800E6563E /* Discoveries */ = {
			isa = PBXGroup;
			children = (
				8B81592320B2A9B200EDA1FC /* SlaveDiscoveriesViewController.swift */,
				8B1C7A7420B49F7A00BA3954 /* Discoveries */,
				8BA1F0FE20B4629A000EA3AC /* Pins Nearby */,
			);
			path = Discoveries;
			sourceTree = "<group>";
		};
		8B52724520F81E2D00425717 /* CognitoSettings */ = {
			isa = PBXGroup;
			children = (
				8B52724620F81ED200425717 /* CognitoConfig.swift */,
				8B52724820F81F0300425717 /* CognitoConfig.plist */,
			);
			path = CognitoSettings;
			sourceTree = "<group>";
		};
		8B5348792134FECD009E4C3E /* Storage */ = {
			isa = PBXGroup;
			children = (
				8BF2AF1B212B94DD0073B139 /* DefaultsWrapper.swift */,
				8B53487A2134FF20009E4C3E /* KeyChainStore.swift */,
			);
			path = Storage;
			sourceTree = "<group>";
		};
		8B78416C20B86E9D005C87DA /* Extensions */ = {
			isa = PBXGroup;
			children = (
				8BA6458720832C74006EEEC5 /* Extensions.swift */,
				8BBFFC4120A0EED700BA5D06 /* Constants.swift */,
			);
			path = Extensions;
			sourceTree = "<group>";
		};
		8B78416D20B86EC1005C87DA /* Side Menu */ = {
			isa = PBXGroup;
			children = (
				8BBFFC29209D064600BA5D06 /* SideMenuTableViewController.swift */,
				8BBFFC2B209D663800BA5D06 /* SideMenuTableViewCell.swift */,
				8BBFFC2C209D663800BA5D06 /* SideMenuTableViewCell.xib */,
				8B3FEF6E20CD01DB0056C22A /* SideMenuProfileTableViewCell.swift */,
				8B3FEF6F20CD01DB0056C22A /* SideMenuProfileTableViewCell.xib */,
				8B3FEF7420CD18090056C22A /* SideMenuServinLogoTableViewCell.swift */,
				8B3FEF7520CD18090056C22A /* SideMenuServinLogoTableViewCell.xib */,
			);
			path = "Side Menu";
			sourceTree = "<group>";
		};
		8BA1F0F620B2AF21000EA3AC /* Pulley ViewControllers */ = {
			isa = PBXGroup;
			children = (
				8B81592520B2AB4D00EDA1FC /* MasterPulleyViewController.swift */,
				8BA6455B20830D44006EEEC5 /* SlaveMapViewController.swift */,
				8BA1F0FF20B462DD000EA3AC /* Drawer */,
			);
			path = "Pulley ViewControllers";
			sourceTree = "<group>";
		};
		8BA1F0F720B2AF50000EA3AC /* SVG Files */ = {
			isa = PBXGroup;
			children = (
				8B81591F20AF746C00EDA1FC /* >_clear.svg */,
				8B6B7DFE20ADB56400867F18 /* logo_servin.svg */,
			);
			path = "SVG Files";
			sourceTree = "<group>";
		};
		8BA1F0FE20B4629A000EA3AC /* Pins Nearby */ = {
			isa = PBXGroup;
			children = (
				8B48C0E120D9DFA10068C8EF /* PinsNearbyCollectionViewCell.swift */,
				8B48C0E020D9DFA00068C8EF /* PinsNearbyCollectionViewCell.xib */,
			);
			path = "Pins Nearby";
			sourceTree = "<group>";
		};
		8BA1F0FF20B462DD000EA3AC /* Drawer */ = {
			isa = PBXGroup;
			children = (
				8B3FEF6B20CD01840056C22A /* Post Ad */,
				8B51FCB720FFE8E800E6563E /* Discoveries */,
			);
			path = Drawer;
			sourceTree = "<group>";
		};
		8BA6454D20830D44006EEEC5 = {
			isa = PBXGroup;
			children = (
				8BC006C921E28A8400B292B0 /* awsconfiguration.json */,
				8BC006C721E280E000B292B0 /* ChatAPI.swift */,
				8BA6455820830D44006EEEC5 /* ServinV2 */,
				8BA6456D20830D44006EEEC5 /* ServinV2Tests */,
				8BA6457820830D44006EEEC5 /* ServinV2UITests */,
				8BA6455720830D44006EEEC5 /* Products */,
				30BB6666F59DD72BE821C756 /* Pods */,
				97AD1023C166132F1C126B77 /* Frameworks */,
			);
			sourceTree = "<group>";
		};
		8BA6455720830D44006EEEC5 /* Products */ = {
			isa = PBXGroup;
			children = (
				8BA6455620830D44006EEEC5 /* ServinV2.app */,
				8BA6456A20830D44006EEEC5 /* ServinV2Tests.xctest */,
				8BA6457520830D44006EEEC5 /* ServinV2UITests.xctest */,
			);
			name = Products;
			sourceTree = "<group>";
		};
		8BA6455820830D44006EEEC5 /* ServinV2 */ = {
			isa = PBXGroup;
			children = (
				8B24113121B4CB1F00AA37E5 /* AWSApiGatewayBridge.h */,
				8B24113221B4CB1F00AA37E5 /* Bridging_Header.h */,
				8B24113321B4CB1F00AA37E5 /* SERVINAPIMERGENCEClient.swift */,
				8BC7D0B1212110CA00F2CD8F /* ServinV2.entitlements */,
				8BA6455920830D44006EEEC5 /* AppDelegate.swift */,
				8B743E262148BB9A00322EF8 /* TestingViewController.swift */,
				8BF2AF0A2126266B0073B139 /* Payment */,
				8BC7D0B62122014B00F2CD8F /* DeepLinks */,
				8B52724520F81E2D00425717 /* CognitoSettings */,
				8BA1F0F620B2AF21000EA3AC /* Pulley ViewControllers */,
				8BA1F0F720B2AF50000EA3AC /* SVG Files */,
				8BBFFC3F20A0E85200BA5D06 /* HomeMapSearchBar.swift */,
				8BBFFC2F209D8EA000BA5D06 /* TestViewController.swift */,
				8BBFFC27209D032000BA5D06 /* SignUp Login ViewControllers */,
				8BBFFC28209D034500BA5D06 /* Google Map Json */,
				8B78416D20B86EC1005C87DA /* Side Menu */,
				8B78416C20B86E9D005C87DA /* Extensions */,
				8BFADF6A20EBFB8F001502DB /* Messages */,
				8B51799220D9A37800774BDE /* My Pins */,
				8BD3833F20C6049200B4B653 /* Profile */,
				8BBFFC37209D970A00BA5D06 /* HelpViewController.swift */,
				8BBFFC39209D971400BA5D06 /* SettingsViewController.swift */,
				8BA6455D20830D44006EEEC5 /* Main.storyboard */,
				8BBFFC4320A0EFA500BA5D06 /* MapSearchViewController.swift */,
				8BA6456020830D44006EEEC5 /* Assets.xcassets */,
				8BCB897520E16F6100AF5A65 /* SavedPinsViewController.swift */,
				8BBFFC3B209E1F4600BA5D06 /* SearchView.swift */,
				8BA6456220830D44006EEEC5 /* LaunchScreen.storyboard */,
				8BA6456520830D44006EEEC5 /* Info.plist */,
				8B45C1FE20D70EB3009FF0F9 /* Discovery */,
				8BCB897220DB623F00AF5A65 /* Models */,
				8B43C47C2107C6EB004D9D0F /* CustomFloatingTextfield.swift */,
				8B5348792134FECD009E4C3E /* Storage */,
				8B53487C21350D08009E4C3E /* BackendServer.swift */,
				8B53487E213779AC009E4C3E /* Reachability.swift */,
				8BF6F5AA213EF142006146E9 /* NotificationsAroundYouViewController.swift */,
				8B743E28214967AA00322EF8 /* InviteOthersViewController.swift */,
				8B4D5723218A954D00A28CEA /* APIManager.swift */,
			);
			path = ServinV2;
			sourceTree = "<group>";
		};
		8BA6456D20830D44006EEEC5 /* ServinV2Tests */ = {
			isa = PBXGroup;
			children = (
				8BA6456E20830D44006EEEC5 /* ServinV2Tests.swift */,
				8BA6457020830D44006EEEC5 /* Info.plist */,
			);
			path = ServinV2Tests;
			sourceTree = "<group>";
		};
		8BA6457820830D44006EEEC5 /* ServinV2UITests */ = {
			isa = PBXGroup;
			children = (
				8BA6457920830D44006EEEC5 /* ServinV2UITests.swift */,
				8BA6457B20830D44006EEEC5 /* Info.plist */,
			);
			path = ServinV2UITests;
			sourceTree = "<group>";
		};
		8BBFFC27209D032000BA5D06 /* SignUp Login ViewControllers */ = {
			isa = PBXGroup;
			children = (
				8BEE79BA20F42D3700DB768C /* ConfirmForgotPasswordViewController.swift */,
				8B81591D20AF714900EDA1FC /* LoginViewController.swift */,
				8B81592120B09BB900EDA1FC /* ResetPasswordViewController.swift */,
				8BA8F629209A6C3200AE4640 /* WelcomeViewController.swift */,
				8B68E30B209B725200F7F365 /* SignUp1ViewController.swift */,
				8B68E30D209B726300F7F365 /* SignUp2ViewController.swift */,
				8B68E30F209B726C00F7F365 /* SignUp3ViewController.swift */,
				8BEE79BC20F4389A00DB768C /* ConfirmSignUpViewController.swift */,
				8BEE79BE20F56A0600DB768C /* MFAViewController.swift */,
				8BEE79BF20F56A0600DB768C /* MFAViewController.xib */,
				8BEE79C420F66FED00DB768C /* EmailActionSheetPresenter.swift */,
				8BEE79C620F6966200DB768C /* GoForwardMacawView.swift */,
				8B50DA2820FD4912004C59EB /* SoftwareMFAViewController.swift */,
				8B50DA2920FD4912004C59EB /* SoftwareMFAViewController.xib */,
				8B51FD2C210235F200E6563E /* SelectCategoriesViewController.swift */,
			);
			path = "SignUp Login ViewControllers";
			sourceTree = "<group>";
		};
		8BBFFC28209D034500BA5D06 /* Google Map Json */ = {
			isa = PBXGroup;
			children = (
				8BA645892083305D006EEEC5 /* style.json */,
			);
			path = "Google Map Json";
			sourceTree = "<group>";
		};
		8BC7D0B62122014B00F2CD8F /* DeepLinks */ = {
			isa = PBXGroup;
			children = (
				8BC7D0C121227B5700F2CD8F /* DeepLinkManager.swift */,
				8BC7D0C221227B5800F2CD8F /* DeeplinkNavigator.swift */,
				8BC7D0C421227B5800F2CD8F /* DeeplinkParser.swift */,
				8BC7D0C321227B5800F2CD8F /* NotificationParser.swift */,
				8BC7D0C521227B5800F2CD8F /* ShortcutParser.swift */,
			);
			path = DeepLinks;
			sourceTree = "<group>";
		};
		8BCB897220DB623F00AF5A65 /* Models */ = {
			isa = PBXGroup;
			children = (
				8BCB896E20DB621C00AF5A65 /* ServinUser.swift */,
				8BCB897020DB622900AF5A65 /* Discovery.swift */,
				8BCB897320DB666200AF5A65 /* ServinData.swift */,
			);
			path = Models;
			sourceTree = "<group>";
		};
		8BD3833F20C6049200B4B653 /* Profile */ = {
			isa = PBXGroup;
			children = (
				8B51798A20D9800900774BDE /* UserProfileViewController.swift */,
				8BBFFC35209D970000BA5D06 /* ProfileViewController.swift */,
				8BDE4DC920C4672800967153 /* EditProfileViewController.swift */,
				8B4A26B4210FB8C100CE5FD6 /* ReviewViewController.swift */,
			);
			path = Profile;
			sourceTree = "<group>";
		};
		8BF2AF09212626640073B139 /* Payout */ = {
			isa = PBXGroup;
			children = (
				8BD2E5882124C47C00DFCFC6 /* PayoutSetupViewController.swift */,
				8BF2AF0D2126314C0073B139 /* IdentificationRequestViewController.swift */,
			);
			path = Payout;
			sourceTree = "<group>";
		};
		8BF2AF0A2126266B0073B139 /* Payment */ = {
			isa = PBXGroup;
			children = (
				8BF2AF09212626640073B139 /* Payout */,
				8BF2AF19212A543C0073B139 /* PaymentViewController.swift */,
				8BBBF5302165C655006A2A3F /* MyStripeAPIClient.swift */,
				8BBBF53221665F73006A2A3F /* CheckoutViewController.swift */,
				8B4D962B218A4D260031E616 /* StripeConnectWebViewController.swift */,
			);
			path = Payment;
			sourceTree = "<group>";
		};
		8BFADF6A20EBFB8F001502DB /* Messages */ = {
			isa = PBXGroup;
			children = (
				8BBFFC31209D96D300BA5D06 /* MessageViewController.swift */,
				8BEE79B620EC25D800DB768C /* DetailedMessageViewController.swift */,
				8BEE79B820ED392700DB768C /* MessageUserPinViewController.swift */,
			);
			path = Messages;
			sourceTree = "<group>";
		};
		97AD1023C166132F1C126B77 /* Frameworks */ = {
			isa = PBXGroup;
			children = (
				D566F623AEBCAFFBB31DDC90 /* Pods_ServinV2.framework */,
				9CB81D63A95F432E939FBA2D /* Pods_ServinV2Tests.framework */,
				BA11F7138B0F05AD940B483D /* Pods_ServinV2UITests.framework */,
			);
			name = Frameworks;
			sourceTree = "<group>";
		};
/* End PBXGroup section */

/* Begin PBXNativeTarget section */
		8BA6455520830D44006EEEC5 /* ServinV2 */ = {
			isa = PBXNativeTarget;
			buildConfigurationList = 8BA6457E20830D44006EEEC5 /* Build configuration list for PBXNativeTarget "ServinV2" */;
			buildPhases = (
				2D44A9E009B9E84A3E0C70F4 /* [CP] Check Pods Manifest.lock */,
				8BA6455220830D44006EEEC5 /* Sources */,
				8BA6455320830D44006EEEC5 /* Frameworks */,
				8BA6455420830D44006EEEC5 /* Resources */,
				A1293CE7AFF06A5C084DF805 /* [CP] Embed Pods Frameworks */,
				C085536EDEEDD48344334B7F /* [CP] Copy Pods Resources */,
			);
			buildRules = (
			);
			dependencies = (
			);
			name = ServinV2;
			productName = ServinV2;
			productReference = 8BA6455620830D44006EEEC5 /* ServinV2.app */;
			productType = "com.apple.product-type.application";
		};
		8BA6456920830D44006EEEC5 /* ServinV2Tests */ = {
			isa = PBXNativeTarget;
			buildConfigurationList = 8BA6458120830D44006EEEC5 /* Build configuration list for PBXNativeTarget "ServinV2Tests" */;
			buildPhases = (
				8FF76FF1E81C40954D858542 /* [CP] Check Pods Manifest.lock */,
				8BA6456620830D44006EEEC5 /* Sources */,
				8BA6456720830D44006EEEC5 /* Frameworks */,
				8BA6456820830D44006EEEC5 /* Resources */,
			);
			buildRules = (
			);
			dependencies = (
				8BA6456C20830D44006EEEC5 /* PBXTargetDependency */,
			);
			name = ServinV2Tests;
			productName = ServinV2Tests;
			productReference = 8BA6456A20830D44006EEEC5 /* ServinV2Tests.xctest */;
			productType = "com.apple.product-type.bundle.unit-test";
		};
		8BA6457420830D44006EEEC5 /* ServinV2UITests */ = {
			isa = PBXNativeTarget;
			buildConfigurationList = 8BA6458420830D44006EEEC5 /* Build configuration list for PBXNativeTarget "ServinV2UITests" */;
			buildPhases = (
				B7218992625AC10D07972F7D /* [CP] Check Pods Manifest.lock */,
				8BA6457120830D44006EEEC5 /* Sources */,
				8BA6457220830D44006EEEC5 /* Frameworks */,
				8BA6457320830D44006EEEC5 /* Resources */,
			);
			buildRules = (
			);
			dependencies = (
				8BA6457720830D44006EEEC5 /* PBXTargetDependency */,
			);
			name = ServinV2UITests;
			productName = ServinV2UITests;
			productReference = 8BA6457520830D44006EEEC5 /* ServinV2UITests.xctest */;
			productType = "com.apple.product-type.bundle.ui-testing";
		};
/* End PBXNativeTarget section */

/* Begin PBXProject section */
		8BA6454E20830D44006EEEC5 /* Project object */ = {
			isa = PBXProject;
			attributes = {
				LastSwiftUpdateCheck = 0920;
				LastUpgradeCheck = 0920;
				ORGANIZATIONNAME = "Voltic Labs Inc.";
				TargetAttributes = {
					8BA6455520830D44006EEEC5 = {
						CreatedOnToolsVersion = 9.2;
						ProvisioningStyle = Automatic;
						SystemCapabilities = {
							com.apple.ApplePay = {
								enabled = 1;
							};
							com.apple.BackgroundModes = {
								enabled = 1;
							};
							com.apple.Keychain = {
								enabled = 1;
							};
							com.apple.SafariKeychain = {
								enabled = 1;
							};
						};
					};
					8BA6456920830D44006EEEC5 = {
						CreatedOnToolsVersion = 9.2;
						ProvisioningStyle = Automatic;
						TestTargetID = 8BA6455520830D44006EEEC5;
					};
					8BA6457420830D44006EEEC5 = {
						CreatedOnToolsVersion = 9.2;
						ProvisioningStyle = Automatic;
						TestTargetID = 8BA6455520830D44006EEEC5;
					};
				};
			};
			buildConfigurationList = 8BA6455120830D44006EEEC5 /* Build configuration list for PBXProject "ServinV2" */;
			compatibilityVersion = "Xcode 8.0";
			developmentRegion = en;
			hasScannedForEncodings = 0;
			knownRegions = (
				en,
				Base,
			);
			mainGroup = 8BA6454D20830D44006EEEC5;
			productRefGroup = 8BA6455720830D44006EEEC5 /* Products */;
			projectDirPath = "";
			projectRoot = "";
			targets = (
				8BA6455520830D44006EEEC5 /* ServinV2 */,
				8BA6456920830D44006EEEC5 /* ServinV2Tests */,
				8BA6457420830D44006EEEC5 /* ServinV2UITests */,
			);
		};
/* End PBXProject section */

/* Begin PBXResourcesBuildPhase section */
		8BA6455420830D44006EEEC5 /* Resources */ = {
			isa = PBXResourcesBuildPhase;
			buildActionMask = 2147483647;
			files = (
				8B48C0E920DA04CF0068C8EF /* MyPinTableViewCell.xib in Resources */,
				8BD3834C20CBD03D00B4B653 /* CustomCell_Instagram.xib in Resources */,
				8B3FEF7720CD18090056C22A /* SideMenuServinLogoTableViewCell.xib in Resources */,
				8B6B7DFF20ADB56400867F18 /* logo_servin.svg in Resources */,
				8BC006CA21E28A8400B292B0 /* awsconfiguration.json in Resources */,
				8BEE79C120F56A0600DB768C /* MFAViewController.xib in Resources */,
				8B50DA2B20FD4912004C59EB /* SoftwareMFAViewController.xib in Resources */,
				8B52724920F81F0300425717 /* CognitoConfig.plist in Resources */,
				8B81592020AF746C00EDA1FC /* >_clear.svg in Resources */,
				8BA6456420830D44006EEEC5 /* LaunchScreen.storyboard in Resources */,
				8BBFFC2E209D663800BA5D06 /* SideMenuTableViewCell.xib in Resources */,
				8B3FEF7120CD01DB0056C22A /* SideMenuProfileTableViewCell.xib in Resources */,
				8BA6456120830D44006EEEC5 /* Assets.xcassets in Resources */,
				8BA6455F20830D44006EEEC5 /* Main.storyboard in Resources */,
				8B43D39220D0DAB1002B0615 /* DiscoveryImagesCollectionViewCell.xib in Resources */,
				8B48C0E220D9DFA10068C8EF /* PinsNearbyCollectionViewCell.xib in Resources */,
				8BE8952020D1DD3000108CED /* DiscoveryUserProfileCollectionViewCell.xib in Resources */,
				8BD3834720CB7EB000B4B653 /* PostAdImageCollectionViewCell.xib in Resources */,
				8BA6458A2083305D006EEEC5 /* style.json in Resources */,
			);
			runOnlyForDeploymentPostprocessing = 0;
		};
		8BA6456820830D44006EEEC5 /* Resources */ = {
			isa = PBXResourcesBuildPhase;
			buildActionMask = 2147483647;
			files = (
			);
			runOnlyForDeploymentPostprocessing = 0;
		};
		8BA6457320830D44006EEEC5 /* Resources */ = {
			isa = PBXResourcesBuildPhase;
			buildActionMask = 2147483647;
			files = (
			);
			runOnlyForDeploymentPostprocessing = 0;
		};
/* End PBXResourcesBuildPhase section */

/* Begin PBXShellScriptBuildPhase section */
		2D44A9E009B9E84A3E0C70F4 /* [CP] Check Pods Manifest.lock */ = {
			isa = PBXShellScriptBuildPhase;
			buildActionMask = 2147483647;
			files = (
			);
			inputPaths = (
				"${PODS_PODFILE_DIR_PATH}/Podfile.lock",
				"${PODS_ROOT}/Manifest.lock",
			);
			name = "[CP] Check Pods Manifest.lock";
			outputPaths = (
				"$(DERIVED_FILE_DIR)/Pods-ServinV2-checkManifestLockResult.txt",
			);
			runOnlyForDeploymentPostprocessing = 0;
			shellPath = /bin/sh;
			shellScript = "diff \"${PODS_PODFILE_DIR_PATH}/Podfile.lock\" \"${PODS_ROOT}/Manifest.lock\" > /dev/null\nif [ $? != 0 ] ; then\n    # print error to STDERR\n    echo \"error: The sandbox is not in sync with the Podfile.lock. Run 'pod install' or update your CocoaPods installation.\" >&2\n    exit 1\nfi\n# This output is used by Xcode 'outputs' to avoid re-running this script phase.\necho \"SUCCESS\" > \"${SCRIPT_OUTPUT_FILE_0}\"\n";
			showEnvVarsInLog = 0;
		};
		8FF76FF1E81C40954D858542 /* [CP] Check Pods Manifest.lock */ = {
			isa = PBXShellScriptBuildPhase;
			buildActionMask = 2147483647;
			files = (
			);
			inputPaths = (
				"${PODS_PODFILE_DIR_PATH}/Podfile.lock",
				"${PODS_ROOT}/Manifest.lock",
			);
			name = "[CP] Check Pods Manifest.lock";
			outputPaths = (
				"$(DERIVED_FILE_DIR)/Pods-ServinV2Tests-checkManifestLockResult.txt",
			);
			runOnlyForDeploymentPostprocessing = 0;
			shellPath = /bin/sh;
			shellScript = "diff \"${PODS_PODFILE_DIR_PATH}/Podfile.lock\" \"${PODS_ROOT}/Manifest.lock\" > /dev/null\nif [ $? != 0 ] ; then\n    # print error to STDERR\n    echo \"error: The sandbox is not in sync with the Podfile.lock. Run 'pod install' or update your CocoaPods installation.\" >&2\n    exit 1\nfi\n# This output is used by Xcode 'outputs' to avoid re-running this script phase.\necho \"SUCCESS\" > \"${SCRIPT_OUTPUT_FILE_0}\"\n";
			showEnvVarsInLog = 0;
		};
		A1293CE7AFF06A5C084DF805 /* [CP] Embed Pods Frameworks */ = {
			isa = PBXShellScriptBuildPhase;
			buildActionMask = 2147483647;
			files = (
			);
			inputPaths = (
				"${SRCROOT}/Pods/Target Support Files/Pods-ServinV2/Pods-ServinV2-frameworks.sh",
				"${BUILT_PRODUCTS_DIR}/AWSAPIGateway/AWSAPIGateway.framework",
				"${BUILT_PRODUCTS_DIR}/AWSAppSync/AWSAppSync.framework",
				"${BUILT_PRODUCTS_DIR}/AWSCognitoIdentityProvider/AWSCognitoIdentityProvider.framework",
				"${BUILT_PRODUCTS_DIR}/AWSCognitoIdentityProviderASF/AWSCognitoIdentityProviderASF.framework",
				"${BUILT_PRODUCTS_DIR}/AWSCore/AWSCore.framework",
				"${BUILT_PRODUCTS_DIR}/Alamofire/Alamofire.framework",
				"${BUILT_PRODUCTS_DIR}/AlamofireImage/AlamofireImage.framework",
				"${BUILT_PRODUCTS_DIR}/DZNEmptyDataSet/DZNEmptyDataSet.framework",
				"${BUILT_PRODUCTS_DIR}/Eureka/Eureka.framework",
				"${BUILT_PRODUCTS_DIR}/IQKeyboardManagerSwift/IQKeyboardManagerSwift.framework",
				"${BUILT_PRODUCTS_DIR}/ImageSlideshow/ImageSlideshow.framework",
				"${BUILT_PRODUCTS_DIR}/JWTDecode/JWTDecode.framework",
				"${BUILT_PRODUCTS_DIR}/KYNavigationProgress/KYNavigationProgress.framework",
				"${BUILT_PRODUCTS_DIR}/Macaw/Macaw.framework",
				"${BUILT_PRODUCTS_DIR}/PinpointKit/PinpointKit.framework",
				"${BUILT_PRODUCTS_DIR}/Pulley/Pulley.framework",
				"${BUILT_PRODUCTS_DIR}/ReachabilitySwift/Reachability.framework",
				"${BUILT_PRODUCTS_DIR}/SQLite.swift/SQLite.framework",
				"${BUILT_PRODUCTS_DIR}/SWXMLHash/SWXMLHash.framework",
				"${BUILT_PRODUCTS_DIR}/SideMenu/SideMenu.framework",
				"${BUILT_PRODUCTS_DIR}/Stripe/Stripe.framework",
				"${BUILT_PRODUCTS_DIR}/SwiftyJSON/SwiftyJSON.framework",
				"${BUILT_PRODUCTS_DIR}/TLPhotoPicker/TLPhotoPicker.framework",
			);
			name = "[CP] Embed Pods Frameworks";
			outputPaths = (
				"${TARGET_BUILD_DIR}/${FRAMEWORKS_FOLDER_PATH}/AWSAPIGateway.framework",
				"${TARGET_BUILD_DIR}/${FRAMEWORKS_FOLDER_PATH}/AWSAppSync.framework",
				"${TARGET_BUILD_DIR}/${FRAMEWORKS_FOLDER_PATH}/AWSCognitoIdentityProvider.framework",
				"${TARGET_BUILD_DIR}/${FRAMEWORKS_FOLDER_PATH}/AWSCognitoIdentityProviderASF.framework",
				"${TARGET_BUILD_DIR}/${FRAMEWORKS_FOLDER_PATH}/AWSCore.framework",
				"${TARGET_BUILD_DIR}/${FRAMEWORKS_FOLDER_PATH}/Alamofire.framework",
				"${TARGET_BUILD_DIR}/${FRAMEWORKS_FOLDER_PATH}/AlamofireImage.framework",
				"${TARGET_BUILD_DIR}/${FRAMEWORKS_FOLDER_PATH}/DZNEmptyDataSet.framework",
				"${TARGET_BUILD_DIR}/${FRAMEWORKS_FOLDER_PATH}/Eureka.framework",
				"${TARGET_BUILD_DIR}/${FRAMEWORKS_FOLDER_PATH}/IQKeyboardManagerSwift.framework",
				"${TARGET_BUILD_DIR}/${FRAMEWORKS_FOLDER_PATH}/ImageSlideshow.framework",
				"${TARGET_BUILD_DIR}/${FRAMEWORKS_FOLDER_PATH}/JWTDecode.framework",
				"${TARGET_BUILD_DIR}/${FRAMEWORKS_FOLDER_PATH}/KYNavigationProgress.framework",
				"${TARGET_BUILD_DIR}/${FRAMEWORKS_FOLDER_PATH}/Macaw.framework",
				"${TARGET_BUILD_DIR}/${FRAMEWORKS_FOLDER_PATH}/PinpointKit.framework",
				"${TARGET_BUILD_DIR}/${FRAMEWORKS_FOLDER_PATH}/Pulley.framework",
				"${TARGET_BUILD_DIR}/${FRAMEWORKS_FOLDER_PATH}/Reachability.framework",
				"${TARGET_BUILD_DIR}/${FRAMEWORKS_FOLDER_PATH}/SQLite.framework",
				"${TARGET_BUILD_DIR}/${FRAMEWORKS_FOLDER_PATH}/SWXMLHash.framework",
				"${TARGET_BUILD_DIR}/${FRAMEWORKS_FOLDER_PATH}/SideMenu.framework",
				"${TARGET_BUILD_DIR}/${FRAMEWORKS_FOLDER_PATH}/Stripe.framework",
				"${TARGET_BUILD_DIR}/${FRAMEWORKS_FOLDER_PATH}/SwiftyJSON.framework",
				"${TARGET_BUILD_DIR}/${FRAMEWORKS_FOLDER_PATH}/TLPhotoPicker.framework",
			);
			runOnlyForDeploymentPostprocessing = 0;
			shellPath = /bin/sh;
			shellScript = "\"${SRCROOT}/Pods/Target Support Files/Pods-ServinV2/Pods-ServinV2-frameworks.sh\"\n";
			showEnvVarsInLog = 0;
		};
		B7218992625AC10D07972F7D /* [CP] Check Pods Manifest.lock */ = {
			isa = PBXShellScriptBuildPhase;
			buildActionMask = 2147483647;
			files = (
			);
			inputPaths = (
				"${PODS_PODFILE_DIR_PATH}/Podfile.lock",
				"${PODS_ROOT}/Manifest.lock",
			);
			name = "[CP] Check Pods Manifest.lock";
			outputPaths = (
				"$(DERIVED_FILE_DIR)/Pods-ServinV2UITests-checkManifestLockResult.txt",
			);
			runOnlyForDeploymentPostprocessing = 0;
			shellPath = /bin/sh;
			shellScript = "diff \"${PODS_PODFILE_DIR_PATH}/Podfile.lock\" \"${PODS_ROOT}/Manifest.lock\" > /dev/null\nif [ $? != 0 ] ; then\n    # print error to STDERR\n    echo \"error: The sandbox is not in sync with the Podfile.lock. Run 'pod install' or update your CocoaPods installation.\" >&2\n    exit 1\nfi\n# This output is used by Xcode 'outputs' to avoid re-running this script phase.\necho \"SUCCESS\" > \"${SCRIPT_OUTPUT_FILE_0}\"\n";
			showEnvVarsInLog = 0;
		};
		C085536EDEEDD48344334B7F /* [CP] Copy Pods Resources */ = {
			isa = PBXShellScriptBuildPhase;
			buildActionMask = 2147483647;
			files = (
			);
			inputPaths = (
				"${SRCROOT}/Pods/Target Support Files/Pods-ServinV2/Pods-ServinV2-resources.sh",
				"${PODS_ROOT}/GoogleMaps/Maps/Frameworks/GoogleMaps.framework/Resources/GoogleMaps.bundle",
				"${PODS_ROOT}/GooglePlaces/Frameworks/GooglePlaces.framework/Resources/GooglePlaces.bundle",
			);
			name = "[CP] Copy Pods Resources";
			outputPaths = (
				"${TARGET_BUILD_DIR}/${UNLOCALIZED_RESOURCES_FOLDER_PATH}/GoogleMaps.bundle",
				"${TARGET_BUILD_DIR}/${UNLOCALIZED_RESOURCES_FOLDER_PATH}/GooglePlaces.bundle",
			);
			runOnlyForDeploymentPostprocessing = 0;
			shellPath = /bin/sh;
			shellScript = "\"${SRCROOT}/Pods/Target Support Files/Pods-ServinV2/Pods-ServinV2-resources.sh\"\n";
			showEnvVarsInLog = 0;
		};
/* End PBXShellScriptBuildPhase section */

/* Begin PBXSourcesBuildPhase section */
		8BA6455220830D44006EEEC5 /* Sources */ = {
			isa = PBXSourcesBuildPhase;
			buildActionMask = 2147483647;
			files = (
				8BC006C821E280E000B292B0 /* ChatAPI.swift in Sources */,
				8BDE4DCA20C4672800967153 /* EditProfileViewController.swift in Sources */,
				8BEE79C520F66FED00DB768C /* EmailActionSheetPresenter.swift in Sources */,
				8BBFFC30209D8EA000BA5D06 /* TestViewController.swift in Sources */,
				8BD3834920CBCE7700B4B653 /* CustomPhotoPickerViewController.swift in Sources */,
				8BD3834620CB7EB000B4B653 /* PostAdImageCollectionViewCell.swift in Sources */,
				8B53487B2134FF20009E4C3E /* KeyChainStore.swift in Sources */,
				8B45C20620D76AF9009FF0F9 /* AlamoFireSource.swift in Sources */,
				8BCB897620E16F6100AF5A65 /* SavedPinsViewController.swift in Sources */,
				8B68E30C209B725200F7F365 /* SignUp1ViewController.swift in Sources */,
				8BEE79C020F56A0600DB768C /* MFAViewController.swift in Sources */,
				8B48C0E820DA04CF0068C8EF /* MyPinTableViewCell.swift in Sources */,
				8B48C0E320D9DFA10068C8EF /* PinsNearbyCollectionViewCell.swift in Sources */,
				8B3FEF7620CD18090056C22A /* SideMenuServinLogoTableViewCell.swift in Sources */,
				8B53487D21350D08009E4C3E /* BackendServer.swift in Sources */,
				8B53487F213779AC009E4C3E /* Reachability.swift in Sources */,
				8BBFFC4020A0E85200BA5D06 /* HomeMapSearchBar.swift in Sources */,
				8B24113421B4CB1F00AA37E5 /* SERVINAPIMERGENCEClient.swift in Sources */,
				8BEE79B720EC25D800DB768C /* DetailedMessageViewController.swift in Sources */,
				8BA8F62A209A6C3200AE4640 /* WelcomeViewController.swift in Sources */,
				8BBBF5312165C655006A2A3F /* MyStripeAPIClient.swift in Sources */,
				8B81592620B2AB4D00EDA1FC /* MasterPulleyViewController.swift in Sources */,
				8B43C47D2107C6EB004D9D0F /* CustomFloatingTextfield.swift in Sources */,
				8BD3834120C9D2F200B4B653 /* SlavePostAdViewController.swift in Sources */,
				8BF2AF0E2126314C0073B139 /* IdentificationRequestViewController.swift in Sources */,
				8BD2E5892124C47C00DFCFC6 /* PayoutSetupViewController.swift in Sources */,
				8BEE79C720F6966200DB768C /* GoForwardMacawView.swift in Sources */,
				8BC7D0C921227B5900F2CD8F /* DeeplinkParser.swift in Sources */,
				8B50DA2A20FD4912004C59EB /* SoftwareMFAViewController.swift in Sources */,
				8B45C20020D7173C009FF0F9 /* DiscoveryFullScreenMapViewController.swift in Sources */,
				8BA6455C20830D44006EEEC5 /* SlaveMapViewController.swift in Sources */,
				8B6CF0C420CCAB370013F372 /* SegmentedControl.swift in Sources */,
				8B51798B20D9800900774BDE /* UserProfileViewController.swift in Sources */,
				8BA6458820832C74006EEEC5 /* Extensions.swift in Sources */,
				8BF6F5AB213EF142006146E9 /* NotificationsAroundYouViewController.swift in Sources */,
				8BCB896F20DB621C00AF5A65 /* ServinUser.swift in Sources */,
				8B52724720F81ED200425717 /* CognitoConfig.swift in Sources */,
				8B81592220B09BB900EDA1FC /* ResetPasswordViewController.swift in Sources */,
				8B68E30E209B726300F7F365 /* SignUp2ViewController.swift in Sources */,
				8B68E310209B726C00F7F365 /* SignUp3ViewController.swift in Sources */,
				8BC0CE0720D092BF00C6E035 /* UserDiscoveryViewController.swift in Sources */,
				8BEE79B920ED392700DB768C /* MessageUserPinViewController.swift in Sources */,
				8B81591E20AF714900EDA1FC /* LoginViewController.swift in Sources */,
				8B743E29214967AA00322EF8 /* InviteOthersViewController.swift in Sources */,
				8BEE79BD20F4389A00DB768C /* ConfirmSignUpViewController.swift in Sources */,
				8B45C20820D890B9009FF0F9 /* MyDiscoveryViewController.swift in Sources */,
				8BBFFC38209D970A00BA5D06 /* HelpViewController.swift in Sources */,
				8BC7D0CA21227B5900F2CD8F /* ShortcutParser.swift in Sources */,
				8BF2AF1A212A543C0073B139 /* PaymentViewController.swift in Sources */,
				8B51FD2D210235F200E6563E /* SelectCategoriesViewController.swift in Sources */,
				8B4D5724218A954D00A28CEA /* APIManager.swift in Sources */,
				8B4A26B5210FB8C100CE5FD6 /* ReviewViewController.swift in Sources */,
				8BBFFC3A209D971400BA5D06 /* SettingsViewController.swift in Sources */,
				8BE8951F20D1DD3000108CED /* DiscoveryUserProfileCollectionViewCell.swift in Sources */,
				8B3FEF7020CD01DB0056C22A /* SideMenuProfileTableViewCell.swift in Sources */,
				8BCB897420DB666200AF5A65 /* ServinData.swift in Sources */,
				8BC7D0C721227B5900F2CD8F /* DeeplinkNavigator.swift in Sources */,
				8BEE79BB20F42D3700DB768C /* ConfirmForgotPasswordViewController.swift in Sources */,
				8B51798D20D99C8900774BDE /* EditDiscoveryViewController.swift in Sources */,
				8BBFFC32209D96D300BA5D06 /* MessageViewController.swift in Sources */,
				8BBFFC34209D96F000BA5D06 /* MyPinsTableViewController.swift in Sources */,
				8BBFFC2D209D663800BA5D06 /* SideMenuTableViewCell.swift in Sources */,
				8BBFFC3C209E1F4600BA5D06 /* SearchView.swift in Sources */,
				8BBFFC4420A0EFA500BA5D06 /* MapSearchViewController.swift in Sources */,
				8BCB897120DB622900AF5A65 /* Discovery.swift in Sources */,
				8B43D39120D0DAB1002B0615 /* DiscoveryImagesCollectionViewCell.swift in Sources */,
				8BC7D0C621227B5900F2CD8F /* DeepLinkManager.swift in Sources */,
				8BC7D0C821227B5900F2CD8F /* NotificationParser.swift in Sources */,
				8B4D962C218A4D260031E616 /* StripeConnectWebViewController.swift in Sources */,
				8BBFFC36209D970000BA5D06 /* ProfileViewController.swift in Sources */,
				8BA6455A20830D44006EEEC5 /* AppDelegate.swift in Sources */,
				8B81592420B2A9B200EDA1FC /* SlaveDiscoveriesViewController.swift in Sources */,
				8B43D38D20D0C929002B0615 /* DiscoveryDetailsCollectionViewCell.swift in Sources */,
				8B743E272148BB9A00322EF8 /* TestingViewController.swift in Sources */,
				8BD3834D20CBD03D00B4B653 /* CustomCell_Instagram.swift in Sources */,
				8BBFFC2A209D064600BA5D06 /* SideMenuTableViewController.swift in Sources */,
				8BBFFC4220A0EED700BA5D06 /* Constants.swift in Sources */,
				8BBBF53321665F73006A2A3F /* CheckoutViewController.swift in Sources */,
				8BF2AF1C212B94DD0073B139 /* DefaultsWrapper.swift in Sources */,
			);
			runOnlyForDeploymentPostprocessing = 0;
		};
		8BA6456620830D44006EEEC5 /* Sources */ = {
			isa = PBXSourcesBuildPhase;
			buildActionMask = 2147483647;
			files = (
				8BA6456F20830D44006EEEC5 /* ServinV2Tests.swift in Sources */,
			);
			runOnlyForDeploymentPostprocessing = 0;
		};
		8BA6457120830D44006EEEC5 /* Sources */ = {
			isa = PBXSourcesBuildPhase;
			buildActionMask = 2147483647;
			files = (
				8BA6457A20830D44006EEEC5 /* ServinV2UITests.swift in Sources */,
			);
			runOnlyForDeploymentPostprocessing = 0;
		};
/* End PBXSourcesBuildPhase section */

/* Begin PBXTargetDependency section */
		8BA6456C20830D44006EEEC5 /* PBXTargetDependency */ = {
			isa = PBXTargetDependency;
			target = 8BA6455520830D44006EEEC5 /* ServinV2 */;
			targetProxy = 8BA6456B20830D44006EEEC5 /* PBXContainerItemProxy */;
		};
		8BA6457720830D44006EEEC5 /* PBXTargetDependency */ = {
			isa = PBXTargetDependency;
			target = 8BA6455520830D44006EEEC5 /* ServinV2 */;
			targetProxy = 8BA6457620830D44006EEEC5 /* PBXContainerItemProxy */;
		};
/* End PBXTargetDependency section */

/* Begin PBXVariantGroup section */
		8BA6455D20830D44006EEEC5 /* Main.storyboard */ = {
			isa = PBXVariantGroup;
			children = (
				8BA6455E20830D44006EEEC5 /* Base */,
			);
			name = Main.storyboard;
			sourceTree = "<group>";
		};
		8BA6456220830D44006EEEC5 /* LaunchScreen.storyboard */ = {
			isa = PBXVariantGroup;
			children = (
				8BA6456320830D44006EEEC5 /* Base */,
			);
			name = LaunchScreen.storyboard;
			sourceTree = "<group>";
		};
/* End PBXVariantGroup section */

/* Begin XCBuildConfiguration section */
		8BA6457C20830D44006EEEC5 /* Debug */ = {
			isa = XCBuildConfiguration;
			buildSettings = {
				ALWAYS_SEARCH_USER_PATHS = NO;
				CLANG_ANALYZER_NONNULL = YES;
				CLANG_ANALYZER_NUMBER_OBJECT_CONVERSION = YES_AGGRESSIVE;
				CLANG_CXX_LANGUAGE_STANDARD = "gnu++14";
				CLANG_CXX_LIBRARY = "libc++";
				CLANG_ENABLE_MODULES = YES;
				CLANG_ENABLE_OBJC_ARC = YES;
				CLANG_WARN_BLOCK_CAPTURE_AUTORELEASING = YES;
				CLANG_WARN_BOOL_CONVERSION = YES;
				CLANG_WARN_COMMA = YES;
				CLANG_WARN_CONSTANT_CONVERSION = YES;
				CLANG_WARN_DIRECT_OBJC_ISA_USAGE = YES_ERROR;
				CLANG_WARN_DOCUMENTATION_COMMENTS = YES;
				CLANG_WARN_EMPTY_BODY = YES;
				CLANG_WARN_ENUM_CONVERSION = YES;
				CLANG_WARN_INFINITE_RECURSION = YES;
				CLANG_WARN_INT_CONVERSION = YES;
				CLANG_WARN_NON_LITERAL_NULL_CONVERSION = YES;
				CLANG_WARN_OBJC_LITERAL_CONVERSION = YES;
				CLANG_WARN_OBJC_ROOT_CLASS = YES_ERROR;
				CLANG_WARN_RANGE_LOOP_ANALYSIS = YES;
				CLANG_WARN_STRICT_PROTOTYPES = YES;
				CLANG_WARN_SUSPICIOUS_MOVE = YES;
				CLANG_WARN_UNGUARDED_AVAILABILITY = YES_AGGRESSIVE;
				CLANG_WARN_UNREACHABLE_CODE = YES;
				CLANG_WARN__DUPLICATE_METHOD_MATCH = YES;
				CODE_SIGN_ENTITLEMENTS = "";
				CODE_SIGN_IDENTITY = "iPhone Developer";
				COPY_PHASE_STRIP = NO;
				DEBUG_INFORMATION_FORMAT = dwarf;
				ENABLE_STRICT_OBJC_MSGSEND = YES;
				ENABLE_TESTABILITY = YES;
				GCC_C_LANGUAGE_STANDARD = gnu11;
				GCC_DYNAMIC_NO_PIC = NO;
				GCC_NO_COMMON_BLOCKS = YES;
				GCC_OPTIMIZATION_LEVEL = 0;
				GCC_PREPROCESSOR_DEFINITIONS = (
					"DEBUG=1",
					"$(inherited)",
				);
				GCC_WARN_64_TO_32_BIT_CONVERSION = YES;
				GCC_WARN_ABOUT_RETURN_TYPE = YES_ERROR;
				GCC_WARN_UNDECLARED_SELECTOR = YES;
				GCC_WARN_UNINITIALIZED_AUTOS = YES_AGGRESSIVE;
				GCC_WARN_UNUSED_FUNCTION = YES;
				GCC_WARN_UNUSED_VARIABLE = YES;
				IPHONEOS_DEPLOYMENT_TARGET = 11.2;
				MTL_ENABLE_DEBUG_INFO = YES;
				ONLY_ACTIVE_ARCH = YES;
				SDKROOT = iphoneos;
				SWIFT_ACTIVE_COMPILATION_CONDITIONS = DEBUG;
				SWIFT_OPTIMIZATION_LEVEL = "-Onone";
			};
			name = Debug;
		};
		8BA6457D20830D44006EEEC5 /* Release */ = {
			isa = XCBuildConfiguration;
			buildSettings = {
				ALWAYS_SEARCH_USER_PATHS = NO;
				CLANG_ANALYZER_NONNULL = YES;
				CLANG_ANALYZER_NUMBER_OBJECT_CONVERSION = YES_AGGRESSIVE;
				CLANG_CXX_LANGUAGE_STANDARD = "gnu++14";
				CLANG_CXX_LIBRARY = "libc++";
				CLANG_ENABLE_MODULES = YES;
				CLANG_ENABLE_OBJC_ARC = YES;
				CLANG_WARN_BLOCK_CAPTURE_AUTORELEASING = YES;
				CLANG_WARN_BOOL_CONVERSION = YES;
				CLANG_WARN_COMMA = YES;
				CLANG_WARN_CONSTANT_CONVERSION = YES;
				CLANG_WARN_DIRECT_OBJC_ISA_USAGE = YES_ERROR;
				CLANG_WARN_DOCUMENTATION_COMMENTS = YES;
				CLANG_WARN_EMPTY_BODY = YES;
				CLANG_WARN_ENUM_CONVERSION = YES;
				CLANG_WARN_INFINITE_RECURSION = YES;
				CLANG_WARN_INT_CONVERSION = YES;
				CLANG_WARN_NON_LITERAL_NULL_CONVERSION = YES;
				CLANG_WARN_OBJC_LITERAL_CONVERSION = YES;
				CLANG_WARN_OBJC_ROOT_CLASS = YES_ERROR;
				CLANG_WARN_RANGE_LOOP_ANALYSIS = YES;
				CLANG_WARN_STRICT_PROTOTYPES = YES;
				CLANG_WARN_SUSPICIOUS_MOVE = YES;
				CLANG_WARN_UNGUARDED_AVAILABILITY = YES_AGGRESSIVE;
				CLANG_WARN_UNREACHABLE_CODE = YES;
				CLANG_WARN__DUPLICATE_METHOD_MATCH = YES;
				CODE_SIGN_ENTITLEMENTS = "";
				CODE_SIGN_IDENTITY = "iPhone Developer";
				COPY_PHASE_STRIP = NO;
				DEBUG_INFORMATION_FORMAT = "dwarf-with-dsym";
				ENABLE_NS_ASSERTIONS = NO;
				ENABLE_STRICT_OBJC_MSGSEND = YES;
				GCC_C_LANGUAGE_STANDARD = gnu11;
				GCC_NO_COMMON_BLOCKS = YES;
				GCC_WARN_64_TO_32_BIT_CONVERSION = YES;
				GCC_WARN_ABOUT_RETURN_TYPE = YES_ERROR;
				GCC_WARN_UNDECLARED_SELECTOR = YES;
				GCC_WARN_UNINITIALIZED_AUTOS = YES_AGGRESSIVE;
				GCC_WARN_UNUSED_FUNCTION = YES;
				GCC_WARN_UNUSED_VARIABLE = YES;
				IPHONEOS_DEPLOYMENT_TARGET = 11.2;
				MTL_ENABLE_DEBUG_INFO = NO;
				SDKROOT = iphoneos;
				SWIFT_OPTIMIZATION_LEVEL = "-Owholemodule";
				VALIDATE_PRODUCT = YES;
			};
			name = Release;
		};
		8BA6457F20830D44006EEEC5 /* Debug */ = {
			isa = XCBuildConfiguration;
			baseConfigurationReference = 3B84138530BA28BC291D1563 /* Pods-ServinV2.debug.xcconfig */;
			buildSettings = {
				ASSETCATALOG_COMPILER_APPICON_NAME = AppIcon;
				CODE_SIGN_ENTITLEMENTS = ServinV2/ServinV2.entitlements;
				CODE_SIGN_STYLE = Automatic;
				DEVELOPMENT_TEAM = CFQRSECJY5;
				INFOPLIST_FILE = ServinV2/Info.plist;
				IPHONEOS_DEPLOYMENT_TARGET = 11.0;
				LD_RUNPATH_SEARCH_PATHS = "$(inherited) @executable_path/Frameworks";
				PRODUCT_BUNDLE_IDENTIFIER = com.volticlabs.servin;
				PRODUCT_NAME = "$(TARGET_NAME)";
				SWIFT_OBJC_BRIDGING_HEADER = ServinV2/Bridging_Header.h;
				SWIFT_VERSION = 4.0;
				TARGETED_DEVICE_FAMILY = 1;
			};
			name = Debug;
		};
		8BA6458020830D44006EEEC5 /* Release */ = {
			isa = XCBuildConfiguration;
			baseConfigurationReference = 63793A76737115F8C39DB347 /* Pods-ServinV2.release.xcconfig */;
			buildSettings = {
				ASSETCATALOG_COMPILER_APPICON_NAME = AppIcon;
				CODE_SIGN_ENTITLEMENTS = ServinV2/ServinV2.entitlements;
				CODE_SIGN_STYLE = Automatic;
				DEVELOPMENT_TEAM = CFQRSECJY5;
				INFOPLIST_FILE = ServinV2/Info.plist;
				IPHONEOS_DEPLOYMENT_TARGET = 11.0;
				LD_RUNPATH_SEARCH_PATHS = "$(inherited) @executable_path/Frameworks";
				PRODUCT_BUNDLE_IDENTIFIER = com.volticlabs.servin;
				PRODUCT_NAME = "$(TARGET_NAME)";
				SWIFT_OBJC_BRIDGING_HEADER = ServinV2/Bridging_Header.h;
				SWIFT_VERSION = 4.0;
				TARGETED_DEVICE_FAMILY = 1;
			};
			name = Release;
		};
		8BA6458220830D44006EEEC5 /* Debug */ = {
			isa = XCBuildConfiguration;
			baseConfigurationReference = 654382927B9EECADF9248D33 /* Pods-ServinV2Tests.debug.xcconfig */;
			buildSettings = {
				ALWAYS_EMBED_SWIFT_STANDARD_LIBRARIES = YES;
				BUNDLE_LOADER = "$(TEST_HOST)";
				CODE_SIGN_STYLE = Automatic;
				DEVELOPMENT_TEAM = CFQRSECJY5;
				INFOPLIST_FILE = ServinV2Tests/Info.plist;
				LD_RUNPATH_SEARCH_PATHS = "$(inherited) @executable_path/Frameworks @loader_path/Frameworks";
				PRODUCT_BUNDLE_IDENTIFIER = com.volticlabs.ServinV2Tests;
				PRODUCT_NAME = "$(TARGET_NAME)";
				SWIFT_VERSION = 4.0;
				TARGETED_DEVICE_FAMILY = "1,2";
				TEST_HOST = "$(BUILT_PRODUCTS_DIR)/ServinV2.app/ServinV2";
			};
			name = Debug;
		};
		8BA6458320830D44006EEEC5 /* Release */ = {
			isa = XCBuildConfiguration;
			baseConfigurationReference = 634FA61F8ACA402D3C651A84 /* Pods-ServinV2Tests.release.xcconfig */;
			buildSettings = {
				ALWAYS_EMBED_SWIFT_STANDARD_LIBRARIES = YES;
				BUNDLE_LOADER = "$(TEST_HOST)";
				CODE_SIGN_STYLE = Automatic;
				DEVELOPMENT_TEAM = CFQRSECJY5;
				INFOPLIST_FILE = ServinV2Tests/Info.plist;
				LD_RUNPATH_SEARCH_PATHS = "$(inherited) @executable_path/Frameworks @loader_path/Frameworks";
				PRODUCT_BUNDLE_IDENTIFIER = com.volticlabs.ServinV2Tests;
				PRODUCT_NAME = "$(TARGET_NAME)";
				SWIFT_VERSION = 4.0;
				TARGETED_DEVICE_FAMILY = "1,2";
				TEST_HOST = "$(BUILT_PRODUCTS_DIR)/ServinV2.app/ServinV2";
			};
			name = Release;
		};
		8BA6458520830D44006EEEC5 /* Debug */ = {
			isa = XCBuildConfiguration;
			baseConfigurationReference = B493958AB437377F7645197B /* Pods-ServinV2UITests.debug.xcconfig */;
			buildSettings = {
				ALWAYS_EMBED_SWIFT_STANDARD_LIBRARIES = YES;
				CODE_SIGN_STYLE = Automatic;
				DEVELOPMENT_TEAM = CFQRSECJY5;
				INFOPLIST_FILE = ServinV2UITests/Info.plist;
				LD_RUNPATH_SEARCH_PATHS = "$(inherited) @executable_path/Frameworks @loader_path/Frameworks";
				PRODUCT_BUNDLE_IDENTIFIER = com.volticlabs.ServinV2UITests;
				PRODUCT_NAME = "$(TARGET_NAME)";
				SWIFT_VERSION = 4.0;
				TARGETED_DEVICE_FAMILY = "1,2";
				TEST_TARGET_NAME = ServinV2;
			};
			name = Debug;
		};
		8BA6458620830D44006EEEC5 /* Release */ = {
			isa = XCBuildConfiguration;
			baseConfigurationReference = E174C829C150CBE0F9E737F6 /* Pods-ServinV2UITests.release.xcconfig */;
			buildSettings = {
				ALWAYS_EMBED_SWIFT_STANDARD_LIBRARIES = YES;
				CODE_SIGN_STYLE = Automatic;
				DEVELOPMENT_TEAM = CFQRSECJY5;
				INFOPLIST_FILE = ServinV2UITests/Info.plist;
				LD_RUNPATH_SEARCH_PATHS = "$(inherited) @executable_path/Frameworks @loader_path/Frameworks";
				PRODUCT_BUNDLE_IDENTIFIER = com.volticlabs.ServinV2UITests;
				PRODUCT_NAME = "$(TARGET_NAME)";
				SWIFT_VERSION = 4.0;
				TARGETED_DEVICE_FAMILY = "1,2";
				TEST_TARGET_NAME = ServinV2;
			};
			name = Release;
		};
/* End XCBuildConfiguration section */

/* Begin XCConfigurationList section */
		8BA6455120830D44006EEEC5 /* Build configuration list for PBXProject "ServinV2" */ = {
			isa = XCConfigurationList;
			buildConfigurations = (
				8BA6457C20830D44006EEEC5 /* Debug */,
				8BA6457D20830D44006EEEC5 /* Release */,
			);
			defaultConfigurationIsVisible = 0;
			defaultConfigurationName = Release;
		};
		8BA6457E20830D44006EEEC5 /* Build configuration list for PBXNativeTarget "ServinV2" */ = {
			isa = XCConfigurationList;
			buildConfigurations = (
				8BA6457F20830D44006EEEC5 /* Debug */,
				8BA6458020830D44006EEEC5 /* Release */,
			);
			defaultConfigurationIsVisible = 0;
			defaultConfigurationName = Release;
		};
		8BA6458120830D44006EEEC5 /* Build configuration list for PBXNativeTarget "ServinV2Tests" */ = {
			isa = XCConfigurationList;
			buildConfigurations = (
				8BA6458220830D44006EEEC5 /* Debug */,
				8BA6458320830D44006EEEC5 /* Release */,
			);
			defaultConfigurationIsVisible = 0;
			defaultConfigurationName = Release;
		};
		8BA6458420830D44006EEEC5 /* Build configuration list for PBXNativeTarget "ServinV2UITests" */ = {
			isa = XCConfigurationList;
			buildConfigurations = (
				8BA6458520830D44006EEEC5 /* Debug */,
				8BA6458620830D44006EEEC5 /* Release */,
			);
			defaultConfigurationIsVisible = 0;
			defaultConfigurationName = Release;
		};
/* End XCConfigurationList section */
	};
	rootObject = 8BA6454E20830D44006EEEC5 /* Project object */;
}
