// !$*UTF8*$!
{
	archiveVersion = 1;
	classes = {
	};
	objectVersion = 48;
	objects = {

/* Begin PBXBuildFile section */
		8BA6455A20830D44006EEEC5 /* AppDelegate.swift in Sources */ = {isa = PBXBuildFile; fileRef = 8BA6455920830D44006EEEC5 /* AppDelegate.swift */; };
		8BA6455C20830D44006EEEC5 /* ViewController.swift in Sources */ = {isa = PBXBuildFile; fileRef = 8BA6455B20830D44006EEEC5 /* ViewController.swift */; };
		8BA6455F20830D44006EEEC5 /* Main.storyboard in Resources */ = {isa = PBXBuildFile; fileRef = 8BA6455D20830D44006EEEC5 /* Main.storyboard */; };
		8BA6456120830D44006EEEC5 /* Assets.xcassets in Resources */ = {isa = PBXBuildFile; fileRef = 8BA6456020830D44006EEEC5 /* Assets.xcassets */; };
		8BA6456420830D44006EEEC5 /* LaunchScreen.storyboard in Resources */ = {isa = PBXBuildFile; fileRef = 8BA6456220830D44006EEEC5 /* LaunchScreen.storyboard */; };
		8BA6456F20830D44006EEEC5 /* ServinV2Tests.swift in Sources */ = {isa = PBXBuildFile; fileRef = 8BA6456E20830D44006EEEC5 /* ServinV2Tests.swift */; };
		8BA6457A20830D44006EEEC5 /* ServinV2UITests.swift in Sources */ = {isa = PBXBuildFile; fileRef = 8BA6457920830D44006EEEC5 /* ServinV2UITests.swift */; };
/* End PBXBuildFile section */

/* Begin PBXContainerItemProxy section */
		8BA6456B20830D44006EEEC5 /* PBXContainerItemProxy */ = {
			isa = PBXContainerItemProxy;
			containerPortal = 8BA6454E20830D44006EEEC5 /* Project object */;
			proxyType = 1;
			remoteGlobalIDString = 8BA6455520830D44006EEEC5;
			remoteInfo = ServinV2;
		};
		8BA6457620830D44006EEEC5 /* PBXContainerItemProxy */ = {
			isa = PBXContainerItemProxy;
			containerPortal = 8BA6454E20830D44006EEEC5 /* Project object */;
			proxyType = 1;
			remoteGlobalIDString = 8BA6455520830D44006EEEC5;
			remoteInfo = ServinV2;
		};
/* End PBXContainerItemProxy section */

/* Begin PBXFileReference section */
		8BA6455620830D44006EEEC5 /* ServinV2.app */ = {isa = PBXFileReference; explicitFileType = wrapper.application; includeInIndex = 0; path = ServinV2.app; sourceTree = BUILT_PRODUCTS_DIR; };
		8BA6455920830D44006EEEC5 /* AppDelegate.swift */ = {isa = PBXFileReference; lastKnownFileType = sourcecode.swift; path = AppDelegate.swift; sourceTree = "<group>"; };
		8BA6455B20830D44006EEEC5 /* ViewController.swift */ = {isa = PBXFileReference; lastKnownFileType = sourcecode.swift; path = ViewController.swift; sourceTree = "<group>"; };
		8BA6455E20830D44006EEEC5 /* Base */ = {isa = PBXFileReference; lastKnownFileType = file.storyboard; name = Base; path = Base.lproj/Main.storyboard; sourceTree = "<group>"; };
		8BA6456020830D44006EEEC5 /* Assets.xcassets */ = {isa = PBXFileReference; lastKnownFileType = folder.assetcatalog; path = Assets.xcassets; sourceTree = "<group>"; };
		8BA6456320830D44006EEEC5 /* Base */ = {isa = PBXFileReference; lastKnownFileType = file.storyboard; name = Base; path = Base.lproj/LaunchScreen.storyboard; sourceTree = "<group>"; };
		8BA6456520830D44006EEEC5 /* Info.plist */ = {isa = PBXFileReference; lastKnownFileType = text.plist.xml; path = Info.plist; sourceTree = "<group>"; };
		8BA6456A20830D44006EEEC5 /* ServinV2Tests.xctest */ = {isa = PBXFileReference; explicitFileType = wrapper.cfbundle; includeInIndex = 0; path = ServinV2Tests.xctest; sourceTree = BUILT_PRODUCTS_DIR; };
		8BA6456E20830D44006EEEC5 /* ServinV2Tests.swift */ = {isa = PBXFileReference; lastKnownFileType = sourcecode.swift; path = ServinV2Tests.swift; sourceTree = "<group>"; };
		8BA6457020830D44006EEEC5 /* Info.plist */ = {isa = PBXFileReference; lastKnownFileType = text.plist.xml; path = Info.plist; sourceTree = "<group>"; };
		8BA6457520830D44006EEEC5 /* ServinV2UITests.xctest */ = {isa = PBXFileReference; explicitFileType = wrapper.cfbundle; includeInIndex = 0; path = ServinV2UITests.xctest; sourceTree = BUILT_PRODUCTS_DIR; };
		8BA6457920830D44006EEEC5 /* ServinV2UITests.swift */ = {isa = PBXFileReference; lastKnownFileType = sourcecode.swift; path = ServinV2UITests.swift; sourceTree = "<group>"; };
		8BA6457B20830D44006EEEC5 /* Info.plist */ = {isa = PBXFileReference; lastKnownFileType = text.plist.xml; path = Info.plist; sourceTree = "<group>"; };
/* End PBXFileReference section */

/* Begin PBXFrameworksBuildPhase section */
		8BA6455320830D44006EEEC5 /* Frameworks */ = {
			isa = PBXFrameworksBuildPhase;
			buildActionMask = 2147483647;
			files = (
			);
			runOnlyForDeploymentPostprocessing = 0;
		};
		8BA6456720830D44006EEEC5 /* Frameworks */ = {
			isa = PBXFrameworksBuildPhase;
			buildActionMask = 2147483647;
			files = (
			);
			runOnlyForDeploymentPostprocessing = 0;
		};
		8BA6457220830D44006EEEC5 /* Frameworks */ = {
			isa = PBXFrameworksBuildPhase;
			buildActionMask = 2147483647;
			files = (
			);
			runOnlyForDeploymentPostprocessing = 0;
		};
/* End PBXFrameworksBuildPhase section */

/* Begin PBXGroup section */
		8BA6454D20830D44006EEEC5 = {
			isa = PBXGroup;
			children = (
				8BA6455820830D44006EEEC5 /* ServinV2 */,
				8BA6456D20830D44006EEEC5 /* ServinV2Tests */,
				8BA6457820830D44006EEEC5 /* ServinV2UITests */,
				8BA6455720830D44006EEEC5 /* Products */,
			);
			sourceTree = "<group>";
		};
		8BA6455720830D44006EEEC5 /* Products */ = {
			isa = PBXGroup;
			children = (
				8BA6455620830D44006EEEC5 /* ServinV2.app */,
				8BA6456A20830D44006EEEC5 /* ServinV2Tests.xctest */,
				8BA6457520830D44006EEEC5 /* ServinV2UITests.xctest */,
			);
			name = Products;
			sourceTree = "<group>";
		};
		8BA6455820830D44006EEEC5 /* ServinV2 */ = {
			isa = PBXGroup;
			children = (
				8BA6455920830D44006EEEC5 /* AppDelegate.swift */,
				8BA6455B20830D44006EEEC5 /* ViewController.swift */,
				8BA6455D20830D44006EEEC5 /* Main.storyboard */,
				8BA6456020830D44006EEEC5 /* Assets.xcassets */,
				8BA6456220830D44006EEEC5 /* LaunchScreen.storyboard */,
				8BA6456520830D44006EEEC5 /* Info.plist */,
			);
			path = ServinV2;
			sourceTree = "<group>";
		};
		8BA6456D20830D44006EEEC5 /* ServinV2Tests */ = {
			isa = PBXGroup;
			children = (
				8BA6456E20830D44006EEEC5 /* ServinV2Tests.swift */,
				8BA6457020830D44006EEEC5 /* Info.plist */,
			);
			path = ServinV2Tests;
			sourceTree = "<group>";
		};
		8BA6457820830D44006EEEC5 /* ServinV2UITests */ = {
			isa = PBXGroup;
			children = (
				8BA6457920830D44006EEEC5 /* ServinV2UITests.swift */,
				8BA6457B20830D44006EEEC5 /* Info.plist */,
			);
			path = ServinV2UITests;
			sourceTree = "<group>";
		};
/* End PBXGroup section */

/* Begin PBXNativeTarget section */
		8BA6455520830D44006EEEC5 /* ServinV2 */ = {
			isa = PBXNativeTarget;
			buildConfigurationList = 8BA6457E20830D44006EEEC5 /* Build configuration list for PBXNativeTarget "ServinV2" */;
			buildPhases = (
				8BA6455220830D44006EEEC5 /* Sources */,
				8BA6455320830D44006EEEC5 /* Frameworks */,
				8BA6455420830D44006EEEC5 /* Resources */,
			);
			buildRules = (
			);
			dependencies = (
			);
			name = ServinV2;
			productName = ServinV2;
			productReference = 8BA6455620830D44006EEEC5 /* ServinV2.app */;
			productType = "com.apple.product-type.application";
		};
		8BA6456920830D44006EEEC5 /* ServinV2Tests */ = {
			isa = PBXNativeTarget;
			buildConfigurationList = 8BA6458120830D44006EEEC5 /* Build configuration list for PBXNativeTarget "ServinV2Tests" */;
			buildPhases = (
				8BA6456620830D44006EEEC5 /* Sources */,
				8BA6456720830D44006EEEC5 /* Frameworks */,
				8BA6456820830D44006EEEC5 /* Resources */,
			);
			buildRules = (
			);
			dependencies = (
				8BA6456C20830D44006EEEC5 /* PBXTargetDependency */,
			);
			name = ServinV2Tests;
			productName = ServinV2Tests;
			productReference = 8BA6456A20830D44006EEEC5 /* ServinV2Tests.xctest */;
			productType = "com.apple.product-type.bundle.unit-test";
		};
		8BA6457420830D44006EEEC5 /* ServinV2UITests */ = {
			isa = PBXNativeTarget;
			buildConfigurationList = 8BA6458420830D44006EEEC5 /* Build configuration list for PBXNativeTarget "ServinV2UITests" */;
			buildPhases = (
				8BA6457120830D44006EEEC5 /* Sources */,
				8BA6457220830D44006EEEC5 /* Frameworks */,
				8BA6457320830D44006EEEC5 /* Resources */,
			);
			buildRules = (
			);
			dependencies = (
				8BA6457720830D44006EEEC5 /* PBXTargetDependency */,
			);
			name = ServinV2UITests;
			productName = ServinV2UITests;
			productReference = 8BA6457520830D44006EEEC5 /* ServinV2UITests.xctest */;
			productType = "com.apple.product-type.bundle.ui-testing";
		};
/* End PBXNativeTarget section */

/* Begin PBXProject section */
		8BA6454E20830D44006EEEC5 /* Project object */ = {
			isa = PBXProject;
			attributes = {
				LastSwiftUpdateCheck = 0920;
				LastUpgradeCheck = 0920;
				ORGANIZATIONNAME = "Voltic Labs Inc.";
				TargetAttributes = {
					8BA6455520830D44006EEEC5 = {
						CreatedOnToolsVersion = 9.2;
						ProvisioningStyle = Automatic;
					};
					8BA6456920830D44006EEEC5 = {
						CreatedOnToolsVersion = 9.2;
						ProvisioningStyle = Automatic;
						TestTargetID = 8BA6455520830D44006EEEC5;
					};
					8BA6457420830D44006EEEC5 = {
						CreatedOnToolsVersion = 9.2;
						ProvisioningStyle = Automatic;
						TestTargetID = 8BA6455520830D44006EEEC5;
					};
				};
			};
			buildConfigurationList = 8BA6455120830D44006EEEC5 /* Build configuration list for PBXProject "ServinV2" */;
			compatibilityVersion = "Xcode 8.0";
			developmentRegion = en;
			hasScannedForEncodings = 0;
			knownRegions = (
				en,
				Base,
			);
			mainGroup = 8BA6454D20830D44006EEEC5;
			productRefGroup = 8BA6455720830D44006EEEC5 /* Products */;
			projectDirPath = "";
			projectRoot = "";
			targets = (
				8BA6455520830D44006EEEC5 /* ServinV2 */,
				8BA6456920830D44006EEEC5 /* ServinV2Tests */,
				8BA6457420830D44006EEEC5 /* ServinV2UITests */,
			);
		};
/* End PBXProject section */

/* Begin PBXResourcesBuildPhase section */
		8BA6455420830D44006EEEC5 /* Resources */ = {
			isa = PBXResourcesBuildPhase;
			buildActionMask = 2147483647;
			files = (
				8BA6456420830D44006EEEC5 /* LaunchScreen.storyboard in Resources */,
				8BA6456120830D44006EEEC5 /* Assets.xcassets in Resources */,
				8BA6455F20830D44006EEEC5 /* Main.storyboard in Resources */,
			);
			runOnlyForDeploymentPostprocessing = 0;
		};
		8BA6456820830D44006EEEC5 /* Resources */ = {
			isa = PBXResourcesBuildPhase;
			buildActionMask = 2147483647;
			files = (
			);
			runOnlyForDeploymentPostprocessing = 0;
		};
		8BA6457320830D44006EEEC5 /* Resources */ = {
			isa = PBXResourcesBuildPhase;
			buildActionMask = 2147483647;
			files = (
			);
			runOnlyForDeploymentPostprocessing = 0;
		};
/* End PBXResourcesBuildPhase section */

/* Begin PBXSourcesBuildPhase section */
		8BA6455220830D44006EEEC5 /* Sources */ = {
			isa = PBXSourcesBuildPhase;
			buildActionMask = 2147483647;
			files = (
				8BA6455C20830D44006EEEC5 /* ViewController.swift in Sources */,
				8BA6455A20830D44006EEEC5 /* AppDelegate.swift in Sources */,
			);
			runOnlyForDeploymentPostprocessing = 0;
		};
		8BA6456620830D44006EEEC5 /* Sources */ = {
			isa = PBXSourcesBuildPhase;
			buildActionMask = 2147483647;
			files = (
				8BA6456F20830D44006EEEC5 /* ServinV2Tests.swift in Sources */,
			);
			runOnlyForDeploymentPostprocessing = 0;
		};
		8BA6457120830D44006EEEC5 /* Sources */ = {
			isa = PBXSourcesBuildPhase;
			buildActionMask = 2147483647;
			files = (
				8BA6457A20830D44006EEEC5 /* ServinV2UITests.swift in Sources */,
			);
			runOnlyForDeploymentPostprocessing = 0;
		};
/* End PBXSourcesBuildPhase section */

/* Begin PBXTargetDependency section */
		8BA6456C20830D44006EEEC5 /* PBXTargetDependency */ = {
			isa = PBXTargetDependency;
			target = 8BA6455520830D44006EEEC5 /* ServinV2 */;
			targetProxy = 8BA6456B20830D44006EEEC5 /* PBXContainerItemProxy */;
		};
		8BA6457720830D44006EEEC5 /* PBXTargetDependency */ = {
			isa = PBXTargetDependency;
			target = 8BA6455520830D44006EEEC5 /* ServinV2 */;
			targetProxy = 8BA6457620830D44006EEEC5 /* PBXContainerItemProxy */;
		};
/* End PBXTargetDependency section */

/* Begin PBXVariantGroup section */
		8BA6455D20830D44006EEEC5 /* Main.storyboard */ = {
			isa = PBXVariantGroup;
			children = (
				8BA6455E20830D44006EEEC5 /* Base */,
			);
			name = Main.storyboard;
			sourceTree = "<group>";
		};
		8BA6456220830D44006EEEC5 /* LaunchScreen.storyboard */ = {
			isa = PBXVariantGroup;
			children = (
				8BA6456320830D44006EEEC5 /* Base */,
			);
			name = LaunchScreen.storyboard;
			sourceTree = "<group>";
		};
/* End PBXVariantGroup section */

/* Begin XCBuildConfiguration section */
		8BA6457C20830D44006EEEC5 /* Debug */ = {
			isa = XCBuildConfiguration;
			buildSettings = {
				ALWAYS_SEARCH_USER_PATHS = NO;
				CLANG_ANALYZER_NONNULL = YES;
				CLANG_ANALYZER_NUMBER_OBJECT_CONVERSION = YES_AGGRESSIVE;
				CLANG_CXX_LANGUAGE_STANDARD = "gnu++14";
				CLANG_CXX_LIBRARY = "libc++";
				CLANG_ENABLE_MODULES = YES;
				CLANG_ENABLE_OBJC_ARC = YES;
				CLANG_WARN_BLOCK_CAPTURE_AUTORELEASING = YES;
				CLANG_WARN_BOOL_CONVERSION = YES;
				CLANG_WARN_COMMA = YES;
				CLANG_WARN_CONSTANT_CONVERSION = YES;
				CLANG_WARN_DIRECT_OBJC_ISA_USAGE = YES_ERROR;
				CLANG_WARN_DOCUMENTATION_COMMENTS = YES;
				CLANG_WARN_EMPTY_BODY = YES;
				CLANG_WARN_ENUM_CONVERSION = YES;
				CLANG_WARN_INFINITE_RECURSION = YES;
				CLANG_WARN_INT_CONVERSION = YES;
				CLANG_WARN_NON_LITERAL_NULL_CONVERSION = YES;
				CLANG_WARN_OBJC_LITERAL_CONVERSION = YES;
				CLANG_WARN_OBJC_ROOT_CLASS = YES_ERROR;
				CLANG_WARN_RANGE_LOOP_ANALYSIS = YES;
				CLANG_WARN_STRICT_PROTOTYPES = YES;
				CLANG_WARN_SUSPICIOUS_MOVE = YES;
				CLANG_WARN_UNGUARDED_AVAILABILITY = YES_AGGRESSIVE;
				CLANG_WARN_UNREACHABLE_CODE = YES;
				CLANG_WARN__DUPLICATE_METHOD_MATCH = YES;
				CODE_SIGN_IDENTITY = "iPhone Developer";
				COPY_PHASE_STRIP = NO;
				DEBUG_INFORMATION_FORMAT = dwarf;
				ENABLE_STRICT_OBJC_MSGSEND = YES;
				ENABLE_TESTABILITY = YES;
				GCC_C_LANGUAGE_STANDARD = gnu11;
				GCC_DYNAMIC_NO_PIC = NO;
				GCC_NO_COMMON_BLOCKS = YES;
				GCC_OPTIMIZATION_LEVEL = 0;
				GCC_PREPROCESSOR_DEFINITIONS = (
					"DEBUG=1",
					"$(inherited)",
				);
				GCC_WARN_64_TO_32_BIT_CONVERSION = YES;
				GCC_WARN_ABOUT_RETURN_TYPE = YES_ERROR;
				GCC_WARN_UNDECLARED_SELECTOR = YES;
				GCC_WARN_UNINITIALIZED_AUTOS = YES_AGGRESSIVE;
				GCC_WARN_UNUSED_FUNCTION = YES;
				GCC_WARN_UNUSED_VARIABLE = YES;
				IPHONEOS_DEPLOYMENT_TARGET = 11.2;
				MTL_ENABLE_DEBUG_INFO = YES;
				ONLY_ACTIVE_ARCH = YES;
				SDKROOT = iphoneos;
				SWIFT_ACTIVE_COMPILATION_CONDITIONS = DEBUG;
				SWIFT_OPTIMIZATION_LEVEL = "-Onone";
			};
			name = Debug;
		};
		8BA6457D20830D44006EEEC5 /* Release */ = {
			isa = XCBuildConfiguration;
			buildSettings = {
				ALWAYS_SEARCH_USER_PATHS = NO;
				CLANG_ANALYZER_NONNULL = YES;
				CLANG_ANALYZER_NUMBER_OBJECT_CONVERSION = YES_AGGRESSIVE;
				CLANG_CXX_LANGUAGE_STANDARD = "gnu++14";
				CLANG_CXX_LIBRARY = "libc++";
				CLANG_ENABLE_MODULES = YES;
				CLANG_ENABLE_OBJC_ARC = YES;
				CLANG_WARN_BLOCK_CAPTURE_AUTORELEASING = YES;
				CLANG_WARN_BOOL_CONVERSION = YES;
				CLANG_WARN_COMMA = YES;
				CLANG_WARN_CONSTANT_CONVERSION = YES;
				CLANG_WARN_DIRECT_OBJC_ISA_USAGE = YES_ERROR;
				CLANG_WARN_DOCUMENTATION_COMMENTS = YES;
				CLANG_WARN_EMPTY_BODY = YES;
				CLANG_WARN_ENUM_CONVERSION = YES;
				CLANG_WARN_INFINITE_RECURSION = YES;
				CLANG_WARN_INT_CONVERSION = YES;
				CLANG_WARN_NON_LITERAL_NULL_CONVERSION = YES;
				CLANG_WARN_OBJC_LITERAL_CONVERSION = YES;
				CLANG_WARN_OBJC_ROOT_CLASS = YES_ERROR;
				CLANG_WARN_RANGE_LOOP_ANALYSIS = YES;
				CLANG_WARN_STRICT_PROTOTYPES = YES;
				CLANG_WARN_SUSPICIOUS_MOVE = YES;
				CLANG_WARN_UNGUARDED_AVAILABILITY = YES_AGGRESSIVE;
				CLANG_WARN_UNREACHABLE_CODE = YES;
				CLANG_WARN__DUPLICATE_METHOD_MATCH = YES;
				CODE_SIGN_IDENTITY = "iPhone Developer";
				COPY_PHASE_STRIP = NO;
				DEBUG_INFORMATION_FORMAT = "dwarf-with-dsym";
				ENABLE_NS_ASSERTIONS = NO;
				ENABLE_STRICT_OBJC_MSGSEND = YES;
				GCC_C_LANGUAGE_STANDARD = gnu11;
				GCC_NO_COMMON_BLOCKS = YES;
				GCC_WARN_64_TO_32_BIT_CONVERSION = YES;
				GCC_WARN_ABOUT_RETURN_TYPE = YES_ERROR;
				GCC_WARN_UNDECLARED_SELECTOR = YES;
				GCC_WARN_UNINITIALIZED_AUTOS = YES_AGGRESSIVE;
				GCC_WARN_UNUSED_FUNCTION = YES;
				GCC_WARN_UNUSED_VARIABLE = YES;
				IPHONEOS_DEPLOYMENT_TARGET = 11.2;
				MTL_ENABLE_DEBUG_INFO = NO;
				SDKROOT = iphoneos;
				SWIFT_OPTIMIZATION_LEVEL = "-Owholemodule";
				VALIDATE_PRODUCT = YES;
			};
			name = Release;
		};
		8BA6457F20830D44006EEEC5 /* Debug */ = {
			isa = XCBuildConfiguration;
			buildSettings = {
				ASSETCATALOG_COMPILER_APPICON_NAME = AppIcon;
				CODE_SIGN_STYLE = Automatic;
				DEVELOPMENT_TEAM = CFQRSECJY5;
				INFOPLIST_FILE = ServinV2/Info.plist;
				LD_RUNPATH_SEARCH_PATHS = "$(inherited) @executable_path/Frameworks";
				PRODUCT_BUNDLE_IDENTIFIER = com.volticlabs.ServinV2;
				PRODUCT_NAME = "$(TARGET_NAME)";
				SWIFT_VERSION = 4.0;
				TARGETED_DEVICE_FAMILY = "1,2";
			};
			name = Debug;
		};
		8BA6458020830D44006EEEC5 /* Release */ = {
			isa = XCBuildConfiguration;
			buildSettings = {
				ASSETCATALOG_COMPILER_APPICON_NAME = AppIcon;
				CODE_SIGN_STYLE = Automatic;
				DEVELOPMENT_TEAM = CFQRSECJY5;
				INFOPLIST_FILE = ServinV2/Info.plist;
				LD_RUNPATH_SEARCH_PATHS = "$(inherited) @executable_path/Frameworks";
				PRODUCT_BUNDLE_IDENTIFIER = com.volticlabs.ServinV2;
				PRODUCT_NAME = "$(TARGET_NAME)";
				SWIFT_VERSION = 4.0;
				TARGETED_DEVICE_FAMILY = "1,2";
			};
			name = Release;
		};
		8BA6458220830D44006EEEC5 /* Debug */ = {
			isa = XCBuildConfiguration;
			buildSettings = {
				ALWAYS_EMBED_SWIFT_STANDARD_LIBRARIES = YES;
				BUNDLE_LOADER = "$(TEST_HOST)";
				CODE_SIGN_STYLE = Automatic;
				DEVELOPMENT_TEAM = CFQRSECJY5;
				INFOPLIST_FILE = ServinV2Tests/Info.plist;
				LD_RUNPATH_SEARCH_PATHS = "$(inherited) @executable_path/Frameworks @loader_path/Frameworks";
				PRODUCT_BUNDLE_IDENTIFIER = com.volticlabs.ServinV2Tests;
				PRODUCT_NAME = "$(TARGET_NAME)";
				SWIFT_VERSION = 4.0;
				TARGETED_DEVICE_FAMILY = "1,2";
				TEST_HOST = "$(BUILT_PRODUCTS_DIR)/ServinV2.app/ServinV2";
			};
			name = Debug;
		};
		8BA6458320830D44006EEEC5 /* Release */ = {
			isa = XCBuildConfiguration;
			buildSettings = {
				ALWAYS_EMBED_SWIFT_STANDARD_LIBRARIES = YES;
				BUNDLE_LOADER = "$(TEST_HOST)";
				CODE_SIGN_STYLE = Automatic;
				DEVELOPMENT_TEAM = CFQRSECJY5;
				INFOPLIST_FILE = ServinV2Tests/Info.plist;
				LD_RUNPATH_SEARCH_PATHS = "$(inherited) @executable_path/Frameworks @loader_path/Frameworks";
				PRODUCT_BUNDLE_IDENTIFIER = com.volticlabs.ServinV2Tests;
				PRODUCT_NAME = "$(TARGET_NAME)";
				SWIFT_VERSION = 4.0;
				TARGETED_DEVICE_FAMILY = "1,2";
				TEST_HOST = "$(BUILT_PRODUCTS_DIR)/ServinV2.app/ServinV2";
			};
			name = Release;
		};
		8BA6458520830D44006EEEC5 /* Debug */ = {
			isa = XCBuildConfiguration;
			buildSettings = {
				ALWAYS_EMBED_SWIFT_STANDARD_LIBRARIES = YES;
				CODE_SIGN_STYLE = Automatic;
				DEVELOPMENT_TEAM = CFQRSECJY5;
				INFOPLIST_FILE = ServinV2UITests/Info.plist;
				LD_RUNPATH_SEARCH_PATHS = "$(inherited) @executable_path/Frameworks @loader_path/Frameworks";
				PRODUCT_BUNDLE_IDENTIFIER = com.volticlabs.ServinV2UITests;
				PRODUCT_NAME = "$(TARGET_NAME)";
				SWIFT_VERSION = 4.0;
				TARGETED_DEVICE_FAMILY = "1,2";
				TEST_TARGET_NAME = ServinV2;
			};
			name = Debug;
		};
		8BA6458620830D44006EEEC5 /* Release */ = {
			isa = XCBuildConfiguration;
			buildSettings = {
				ALWAYS_EMBED_SWIFT_STANDARD_LIBRARIES = YES;
				CODE_SIGN_STYLE = Automatic;
				DEVELOPMENT_TEAM = CFQRSECJY5;
				INFOPLIST_FILE = ServinV2UITests/Info.plist;
				LD_RUNPATH_SEARCH_PATHS = "$(inherited) @executable_path/Frameworks @loader_path/Frameworks";
				PRODUCT_BUNDLE_IDENTIFIER = com.volticlabs.ServinV2UITests;
				PRODUCT_NAME = "$(TARGET_NAME)";
				SWIFT_VERSION = 4.0;
				TARGETED_DEVICE_FAMILY = "1,2";
				TEST_TARGET_NAME = ServinV2;
			};
			name = Release;
		};
/* End XCBuildConfiguration section */

/* Begin XCConfigurationList section */
		8BA6455120830D44006EEEC5 /* Build configuration list for PBXProject "ServinV2" */ = {
			isa = XCConfigurationList;
			buildConfigurations = (
				8BA6457C20830D44006EEEC5 /* Debug */,
				8BA6457D20830D44006EEEC5 /* Release */,
			);
			defaultConfigurationIsVisible = 0;
			defaultConfigurationName = Release;
		};
		8BA6457E20830D44006EEEC5 /* Build configuration list for PBXNativeTarget "ServinV2" */ = {
			isa = XCConfigurationList;
			buildConfigurations = (
				8BA6457F20830D44006EEEC5 /* Debug */,
				8BA6458020830D44006EEEC5 /* Release */,
			);
			defaultConfigurationIsVisible = 0;
			defaultConfigurationName = Release;
		};
		8BA6458120830D44006EEEC5 /* Build configuration list for PBXNativeTarget "ServinV2Tests" */ = {
			isa = XCConfigurationList;
			buildConfigurations = (
				8BA6458220830D44006EEEC5 /* Debug */,
				8BA6458320830D44006EEEC5 /* Release */,
			);
			defaultConfigurationIsVisible = 0;
			defaultConfigurationName = Release;
		};
		8BA6458420830D44006EEEC5 /* Build configuration list for PBXNativeTarget "ServinV2UITests" */ = {
			isa = XCConfigurationList;
			buildConfigurations = (
				8BA6458520830D44006EEEC5 /* Debug */,
				8BA6458620830D44006EEEC5 /* Release */,
			);
			defaultConfigurationIsVisible = 0;
			defaultConfigurationName = Release;
		};
/* End XCConfigurationList section */
	};
	rootObject = 8BA6454E20830D44006EEEC5 /* Project object */;
}
